
Microsoft Visual Studio Solution File, Format Version 12.00
# Visual Studio Express 2013 for Windows Desktop
VisualStudioVersion = 12.0.30723.0
MinimumVisualStudioVersion = 10.0.40219.1
Project("{8BC9CEB8-8B4A-11D0-8D11-00A0C91BC942}") = "absmax~", "absmax~\absmax~.vcxproj", "{D7D2B050-0FAC-4326-89AD-C82254541416}"
EndProject
Project("{8BC9CEB8-8B4A-11D0-8D11-00A0C91BC942}") = "absmin~", "absmin~\absmin~.vcxproj", "{3A8F3227-23A1-41A0-8D41-5207C4C0D6D9}"
EndProject
Project("{8BC9CEB8-8B4A-11D0-8D11-00A0C91BC942}") = "agogo~", "agogo~\agogo~.vcxproj", "{45A97340-C1A1-42FD-87A4-A5E1AAF7D75E}"
EndProject
Project("{8BC9CEB8-8B4A-11D0-8D11-00A0C91BC942}") = "bamboo~", "bamboo~\bamboo~.vcxproj", "{F1CA2B2E-3C1F-4493-930E-959168E03DDE}"
EndProject
Project("{8BC9CEB8-8B4A-11D0-8D11-00A0C91BC942}") = "bandedWG~", "bandedWG~\bandedWG~.vcxproj", "{AEEAA8FC-8711-4106-BB40-05ACB5FE3EA1}"
EndProject
Project("{8BC9CEB8-8B4A-11D0-8D11-00A0C91BC942}") = "blotar~", "blotar~\blotar~.vcxproj", "{ED1E6BBE-2729-451F-8E14-A998CF34A820}"
EndProject
Project("{8BC9CEB8-8B4A-11D0-8D11-00A0C91BC942}") = "blow_botl~", "blow_botl~\blow_botl~.vcxproj", "{A524E972-7A6F-4668-9D41-FFD937B9E85C}"
EndProject
Project("{8BC9CEB8-8B4A-11D0-8D11-00A0C91BC942}") = "blow_hole~", "blow_hole~\blow_hole~.vcxproj", "{4C7B4B95-384D-411B-8607-66ED2701E367}"
EndProject
Project("{8BC9CEB8-8B4A-11D0-8D11-00A0C91BC942}") = "bowed~", "bowed~\bowed~.vcxproj", "{D3B7F4DD-AC90-4A54-8105-276395618678}"
EndProject
Project("{8BC9CEB8-8B4A-11D0-8D11-00A0C91BC942}") = "bowedbar~", "bowedbar~\bowedbar~.vcxproj", "{A06E8170-8BBD-4E63-81DC-60FBDC53BA73}"
EndProject
Project("{8BC9CEB8-8B4A-11D0-8D11-00A0C91BC942}") = "brass~", "brass~\brass~.vcxproj", "{0BA58FE7-02DA-41FB-90DD-60E264878BC8}"
EndProject
Project("{8BC9CEB8-8B4A-11D0-8D11-00A0C91BC942}") = "cabasa~", "cabasa~\cabasa~.vcxproj", "{C262C3DA-21DD-4847-8A72-C3489E452529}"
EndProject
Project("{8BC9CEB8-8B4A-11D0-8D11-00A0C91BC942}") = "casey~", "casey~\casey~.vcxproj", "{E3994F5F-19C8-447E-B73A-B72832A3E856}"
EndProject
Project("{8BC9CEB8-8B4A-11D0-8D11-00A0C91BC942}") = "chase~", "chase~\chase~.vcxproj", "{3155897D-791D-4084-AFC1-EF19C43B63C7}"
EndProject
Project("{8BC9CEB8-8B4A-11D0-8D11-00A0C91BC942}") = "clar~", "clar~\clar~.vcxproj", "{FBF9AFE7-2A11-4A67-88F2-347BCEFC0239}"
EndProject
Project("{8BC9CEB8-8B4A-11D0-8D11-00A0C91BC942}") = "curvesmooth~", "curvesmooth~\curvesmooth~.vcxproj", "{78A47248-A182-4F0E-B8A0-0D8C64A4E9BD}"
EndProject
Project("{8BC9CEB8-8B4A-11D0-8D11-00A0C91BC942}") = "dcblock~", "dcblock~\dcblock~.vcxproj", "{7989B75A-65BC-4AF3-9527-AB2E0E5DE1E1}"
EndProject
Project("{8BC9CEB8-8B4A-11D0-8D11-00A0C91BC942}") = "escal~", "escal~\escal~.vcxproj", "{BE7907AE-4A9C-49F5-AF98-B71BC3E4C2C1}"
EndProject
Project("{8BC9CEB8-8B4A-11D0-8D11-00A0C91BC942}") = "flapper~", "flapper~\flapper~.vcxproj", "{BFA852AC-3613-4C81-99CC-EC8B69CBA8E2}"
EndProject
Project("{8BC9CEB8-8B4A-11D0-8D11-00A0C91BC942}") = "flip~", "flip~\flip~.vcxproj", "{AEB0CBCC-39AF-4A8D-AD1C-670FF950FA8B}"
EndProject
Project("{8BC9CEB8-8B4A-11D0-8D11-00A0C91BC942}") = "flute~", "flute~\flute~.vcxproj", "{49BF89E5-6A47-4EED-943A-3AEA3C7F647D}"
EndProject
Project("{8BC9CEB8-8B4A-11D0-8D11-00A0C91BC942}") = "gen5", "gen5\gen5.vcxproj", "{7D3995DE-6B61-4559-A74A-DEF051D43D45}"
EndProject
Project("{8BC9CEB8-8B4A-11D0-8D11-00A0C91BC942}") = "gen7", "gen7\gen7.vcxproj", "{E55122DD-3123-4A5C-BE4C-506FC62AF123}"
EndProject
Project("{8BC9CEB8-8B4A-11D0-8D11-00A0C91BC942}") = "gen9", "gen9\gen9.vcxproj", "{7EA3F768-4CC0-4D3C-8727-752DB594C147}"
EndProject
Project("{8BC9CEB8-8B4A-11D0-8D11-00A0C91BC942}") = "gen10", "gen10\gen10.vcxproj", "{86EF77AD-92AE-444A-BC30-50EFA7D1CBE8}"
EndProject
Project("{8BC9CEB8-8B4A-11D0-8D11-00A0C91BC942}") = "gen17", "gen17\gen17.vcxproj", "{E188A6FE-255C-45EF-B81D-3AE9BBA0DAE8}"
EndProject
Project("{8BC9CEB8-8B4A-11D0-8D11-00A0C91BC942}") = "gen20", "gen20\gen20.vcxproj", "{38A060F9-CDE8-49C9-A9BA-5B3E1CCE6CEC}"
EndProject
Project("{8BC9CEB8-8B4A-11D0-8D11-00A0C91BC942}") = "gen24", "gen24\gen24.vcxproj", "{98E9C282-AE94-43F0-8143-E326239FD7CF}"
EndProject
Project("{8BC9CEB8-8B4A-11D0-8D11-00A0C91BC942}") = "gen25", "gen25\gen25.vcxproj", "{CE18C2C3-B81A-42C8-A485-C843BD2E1D9E}"
EndProject
Project("{8BC9CEB8-8B4A-11D0-8D11-00A0C91BC942}") = "gQ~", "gQ~\gQ~.vcxproj", "{8C4FA935-A3ED-4E77-9BDF-43BE20B4ECDC}"
EndProject
Project("{8BC9CEB8-8B4A-11D0-8D11-00A0C91BC942}") = "guiro~", "guiro~\guiro~.vcxproj", "{CB76C8E8-25CB-46A5-908A-F47FCCB18604}"
EndProject
Project("{8BC9CEB8-8B4A-11D0-8D11-00A0C91BC942}") = "indexi~", "indexi2~\indexi~.vcxproj", "{06864494-B7EA-4786-96A7-8C499773DDBA}"
EndProject
Project("{8BC9CEB8-8B4A-11D0-8D11-00A0C91BC942}") = "JC_rev~", "JC_rev~\JC_rev~.vcxproj", "{0DC37E80-E97F-4F43-84A6-50FFF29FC95A}"
EndProject
Project("{8BC9CEB8-8B4A-11D0-8D11-00A0C91BC942}") = "jitter~", "jitter~\jitter~.vcxproj", "{C1C5D3E6-D800-4412-BFA1-B7570686C87B}"
EndProject
Project("{8BC9CEB8-8B4A-11D0-8D11-00A0C91BC942}") = "klutz~", "klutz~\klutz~.vcxproj", "{E7602BC5-257F-48BF-B79B-F50ACD9AC5B2}"
EndProject
Project("{8BC9CEB8-8B4A-11D0-8D11-00A0C91BC942}") = "mandolin~", "mandolin~\mandolin~.vcxproj", "{DD21FFE5-3A9F-4083-BDAB-720E79DBD3F5}"
EndProject
Project("{8BC9CEB8-8B4A-11D0-8D11-00A0C91BC942}") = "marimba~", "marimba~\marimba~.vcxproj", "{C21017F6-26EE-414D-8CEB-34385B8C2EF8}"
EndProject
Project("{8BC9CEB8-8B4A-11D0-8D11-00A0C91BC942}") = "mesh2d~", "mesh2d~\mesh2d~.vcxproj", "{4CA2AF3C-960B-4930-9342-C7CED41C8BF9}"
EndProject
Project("{8BC9CEB8-8B4A-11D0-8D11-00A0C91BC942}") = "metashaker~", "metashaker~\metashaker~.vcxproj", "{3272AFDA-1211-48EB-8D97-4A25354B1934}"
EndProject
Project("{8BC9CEB8-8B4A-11D0-8D11-00A0C91BC942}") = "munger~", "munger~\munger~.vcxproj", "{A1109057-B15C-4366-A0EB-5CFB38EF70BA}"
EndProject
Project("{8BC9CEB8-8B4A-11D0-8D11-00A0C91BC942}") = "N_rev~", "N_rev~\N_rev~.vcxproj", "{8138A9DB-974C-405F-9F55-262719B4F442}"
EndProject
Project("{8BC9CEB8-8B4A-11D0-8D11-00A0C91BC942}") = "nbody~", "nbody~\nbody~.vcxproj", "{B666A97D-369B-4F6F-B92B-7323610927AE}"
EndProject
Project("{8BC9CEB8-8B4A-11D0-8D11-00A0C91BC942}") = "nscradle~", "nscradle~\nscradle~.vcxproj", "{8B32B305-992D-4AB6-9DED-053B3540C7DA}"
EndProject
Project("{8BC9CEB8-8B4A-11D0-8D11-00A0C91BC942}") = "nublotar~", "nuberblotar~\nublotar~.vcxproj", "{5873C4C1-61E5-42F3-A7B8-87E5623BFA7C}"
EndProject
Project("{8BC9CEB8-8B4A-11D0-8D11-00A0C91BC942}") = "pit_shift~", "pit_shift~\pit_shift~.vcxproj", "{A00C2FE8-46C5-42BD-A4BD-B8293BE92A46}"
EndProject
Project("{8BC9CEB8-8B4A-11D0-8D11-00A0C91BC942}") = "plucked~", "plucked~\plucked~.vcxproj", "{CCA5B4DE-C39F-4149-9BA1-4977BA26A0D7}"
EndProject
Project("{8BC9CEB8-8B4A-11D0-8D11-00A0C91BC942}") = "pokef~", "pokef~\pokef~.vcxproj", "{0C75417A-E0FE-45DF-9E67-893F87CA2386}"
EndProject
Project("{8BC9CEB8-8B4A-11D0-8D11-00A0C91BC942}") = "prc_chorus~", "prc_chorus~\prc_chorus~.vcxproj", "{3BECA712-CA60-43AA-BD72-2DCB30337DB1}"
EndProject
Project("{8BC9CEB8-8B4A-11D0-8D11-00A0C91BC942}") = "prc_fm~", "prc_fm~\prc_fm~.vcxproj", "{FC5F7F7D-8985-4D71-988B-E81E89910B2D}"
EndProject
Project("{8BC9CEB8-8B4A-11D0-8D11-00A0C91BC942}") = "prc_rev~", "prc_rev~\prc_rev~.vcxproj", "{6A578FB8-2F14-4335-B8DD-7D4172896AE3}"
EndProject
Project("{8BC9CEB8-8B4A-11D0-8D11-00A0C91BC942}") = "random~", "random~\random~.vcxproj", "{B5FBB039-8455-447A-9280-EB5C6188D4BD}"
EndProject
Project("{8BC9CEB8-8B4A-11D0-8D11-00A0C91BC942}") = "recordf~", "recordf~\recordf~.vcxproj", "{BEAEE152-2544-42CA-965B-0351166DA9A9}"
EndProject
Project("{8BC9CEB8-8B4A-11D0-8D11-00A0C91BC942}") = "saxofony~", "saxofony~\saxofony~.vcxproj", "{7DFD3716-5589-4570-9CF7-D980F7C2D74D}"
EndProject
Project("{8BC9CEB8-8B4A-11D0-8D11-00A0C91BC942}") = "scrub~", "scrub~\scrub~.vcxproj", "{4D258F7B-5B90-40BE-8565-2288CA401F76}"
EndProject
Project("{8BC9CEB8-8B4A-11D0-8D11-00A0C91BC942}") = "scrubf~", "scrubf~\scrubf~.vcxproj", "{A3675FCC-A8F4-45A4-95A8-F851A60994EB}"
EndProject
Project("{8BC9CEB8-8B4A-11D0-8D11-00A0C91BC942}") = "sekere~", "sekere~\sekere~.vcxproj", "{AE10ECD6-7AD2-445C-A846-5C1F76B7F871}"
EndProject
Project("{8BC9CEB8-8B4A-11D0-8D11-00A0C91BC942}") = "shaker~", "shaker~\shaker~.vcxproj", "{B36C1E1A-F079-44D0-9E73-F3F7FEFC1841}"
EndProject
Project("{8BC9CEB8-8B4A-11D0-8D11-00A0C91BC942}") = "shakers~", "shakers~\shakers~.vcxproj", "{10E2ED22-856E-4564-A5ED-380CBD2494AA}"
EndProject
Project("{8BC9CEB8-8B4A-11D0-8D11-00A0C91BC942}") = "simple~", "simple~\simple~.vcxproj", "{A789576A-8C38-4CEA-B22B-1D947FB436DF}"
EndProject
Project("{8BC9CEB8-8B4A-11D0-8D11-00A0C91BC942}") = "sitar~", "sitar~\sitar~.vcxproj", "{DE5060A2-AAFD-444A-8CB6-DA3D188654D6}"
EndProject
Project("{8BC9CEB8-8B4A-11D0-8D11-00A0C91BC942}") = "sleigh~", "sleigh~\sleigh~.vcxproj", "{03D4E664-9BB3-443C-808C-C511D16D8EFE}"
EndProject
Project("{8BC9CEB8-8B4A-11D0-8D11-00A0C91BC942}") = "stif_karp~", "stif_karp~\stif_karp~.vcxproj", "{E36D8CF4-AC70-43C4-913A-AC4BFC4329B4}"
EndProject
Project("{8BC9CEB8-8B4A-11D0-8D11-00A0C91BC942}") = "tamb~", "tamb~\tamb~.vcxproj", "{A3F11FF8-F18A-4FC4-AABA-C4F230FF289E}"
EndProject
Project("{8BC9CEB8-8B4A-11D0-8D11-00A0C91BC942}") = "terrain~", "terrain~\terrain~.vcxproj", "{B9D7EA2E-9AE7-4DA5-859E-CB978F8FF5BA}"
EndProject
Project("{8BC9CEB8-8B4A-11D0-8D11-00A0C91BC942}") = "ublotar~", "ublotar~\ublotar~.vcxproj", "{DDCD58AA-E0D6-40DD-B6C3-09AB07F46486}"
EndProject
Project("{8BC9CEB8-8B4A-11D0-8D11-00A0C91BC942}") = "vcomb~", "vcomb~\vcomb~.vcxproj", "{943C0DB8-3039-4C95-AED3-5D5BEA8C576D}"
EndProject
Project("{8BC9CEB8-8B4A-11D0-8D11-00A0C91BC942}") = "vcompand~", "vcompand~\vcompand~.vcxproj", "{9372D737-FEEE-48FF-9C67-EE7DCA1F2E4D}"
EndProject
Project("{8BC9CEB8-8B4A-11D0-8D11-00A0C91BC942}") = "vcompand2~", "vcompand2~\vcompand2~.vcxproj", "{51B341A1-DF7E-45D1-8BA0-BE077E742F33}"
EndProject
Project("{8BC9CEB8-8B4A-11D0-8D11-00A0C91BC942}") = "vibraphone~", "vibraphone~\vibraphone~.vcxproj", "{427CFB06-08EC-44C5-A305-B427FDD93DC7}"
EndProject
Project("{8BC9CEB8-8B4A-11D0-8D11-00A0C91BC942}") = "voice_form~", "voice_form~\voice_form~.vcxproj", "{8DED8FE0-A315-4666-98C3-788D08FB86AA}"
EndProject
Project("{8BC9CEB8-8B4A-11D0-8D11-00A0C91BC942}") = "vstretch~", "vstretch~\vstretch~.vcxproj", "{0382813D-4ECD-4B55-ADDB-C45CE28368BD}"
EndProject
Project("{8BC9CEB8-8B4A-11D0-8D11-00A0C91BC942}") = "vwarp~", "vwarp~\vwarp~.vcxproj", "{138B4E64-75D5-44E1-AED4-AAF3562E3B7E}"
EndProject
Project("{8BC9CEB8-8B4A-11D0-8D11-00A0C91BC942}") = "waffle~", "waffle~\waffle~.vcxproj", "{CE9F9489-748F-4E1F-BEC2-CCE6B298536A}"
EndProject
Project("{8BC9CEB8-8B4A-11D0-8D11-00A0C91BC942}") = "weave~", "weave~\weave~.vcxproj", "{01ABD0DC-03FC-46D7-92B0-EF02E71B7C39}"
EndProject
Project("{8BC9CEB8-8B4A-11D0-8D11-00A0C91BC942}") = "whistle~", "whistle~\whistle~.vcxproj", "{1CBCC7CA-71E8-465F-AB84-230E9C796FBD}"
EndProject
Project("{8BC9CEB8-8B4A-11D0-8D11-00A0C91BC942}") = "wuter~", "wuter~\wuter~.vcxproj", "{3E705EEC-BDAA-4FA9-B932-E1C0A01A4E9C}"
EndProject
Global
	GlobalSection(SolutionConfigurationPlatforms) = preSolution
		Debug|Win32 = Debug|Win32
		Debug|x64 = Debug|x64
		Release|Win32 = Release|Win32
		Release|x64 = Release|x64
	EndGlobalSection
	GlobalSection(ProjectConfigurationPlatforms) = postSolution
		{D7D2B050-0FAC-4326-89AD-C82254541416}.Debug|Win32.ActiveCfg = Debug|Win32
		{D7D2B050-0FAC-4326-89AD-C82254541416}.Debug|Win32.Build.0 = Debug|Win32
		{D7D2B050-0FAC-4326-89AD-C82254541416}.Debug|x64.ActiveCfg = Debug|x64
		{D7D2B050-0FAC-4326-89AD-C82254541416}.Debug|x64.Build.0 = Debug|x64
		{D7D2B050-0FAC-4326-89AD-C82254541416}.Release|Win32.ActiveCfg = Release|Win32
		{D7D2B050-0FAC-4326-89AD-C82254541416}.Release|Win32.Build.0 = Release|Win32
		{D7D2B050-0FAC-4326-89AD-C82254541416}.Release|x64.ActiveCfg = Release|x64
		{D7D2B050-0FAC-4326-89AD-C82254541416}.Release|x64.Build.0 = Release|x64
		{3A8F3227-23A1-41A0-8D41-5207C4C0D6D9}.Debug|Win32.ActiveCfg = Debug|Win32
		{3A8F3227-23A1-41A0-8D41-5207C4C0D6D9}.Debug|Win32.Build.0 = Debug|Win32
		{3A8F3227-23A1-41A0-8D41-5207C4C0D6D9}.Debug|x64.ActiveCfg = Debug|x64
		{3A8F3227-23A1-41A0-8D41-5207C4C0D6D9}.Debug|x64.Build.0 = Debug|x64
		{3A8F3227-23A1-41A0-8D41-5207C4C0D6D9}.Release|Win32.ActiveCfg = Release|Win32
		{3A8F3227-23A1-41A0-8D41-5207C4C0D6D9}.Release|Win32.Build.0 = Release|Win32
		{3A8F3227-23A1-41A0-8D41-5207C4C0D6D9}.Release|x64.ActiveCfg = Release|x64
		{3A8F3227-23A1-41A0-8D41-5207C4C0D6D9}.Release|x64.Build.0 = Release|x64
		{45A97340-C1A1-42FD-87A4-A5E1AAF7D75E}.Debug|Win32.ActiveCfg = Debug|Win32
		{45A97340-C1A1-42FD-87A4-A5E1AAF7D75E}.Debug|Win32.Build.0 = Debug|Win32
		{45A97340-C1A1-42FD-87A4-A5E1AAF7D75E}.Debug|x64.ActiveCfg = Debug|x64
		{45A97340-C1A1-42FD-87A4-A5E1AAF7D75E}.Debug|x64.Build.0 = Debug|x64
		{45A97340-C1A1-42FD-87A4-A5E1AAF7D75E}.Release|Win32.ActiveCfg = Release|Win32
		{45A97340-C1A1-42FD-87A4-A5E1AAF7D75E}.Release|Win32.Build.0 = Release|Win32
		{45A97340-C1A1-42FD-87A4-A5E1AAF7D75E}.Release|x64.ActiveCfg = Release|x64
		{45A97340-C1A1-42FD-87A4-A5E1AAF7D75E}.Release|x64.Build.0 = Release|x64
		{F1CA2B2E-3C1F-4493-930E-959168E03DDE}.Debug|Win32.ActiveCfg = Debug|Win32
		{F1CA2B2E-3C1F-4493-930E-959168E03DDE}.Debug|Win32.Build.0 = Debug|Win32
		{F1CA2B2E-3C1F-4493-930E-959168E03DDE}.Debug|x64.ActiveCfg = Debug|x64
		{F1CA2B2E-3C1F-4493-930E-959168E03DDE}.Debug|x64.Build.0 = Debug|x64
		{F1CA2B2E-3C1F-4493-930E-959168E03DDE}.Release|Win32.ActiveCfg = Release|Win32
		{F1CA2B2E-3C1F-4493-930E-959168E03DDE}.Release|Win32.Build.0 = Release|Win32
		{F1CA2B2E-3C1F-4493-930E-959168E03DDE}.Release|x64.ActiveCfg = Release|x64
		{F1CA2B2E-3C1F-4493-930E-959168E03DDE}.Release|x64.Build.0 = Release|x64
		{AEEAA8FC-8711-4106-BB40-05ACB5FE3EA1}.Debug|Win32.ActiveCfg = Debug|Win32
		{AEEAA8FC-8711-4106-BB40-05ACB5FE3EA1}.Debug|Win32.Build.0 = Debug|Win32
		{AEEAA8FC-8711-4106-BB40-05ACB5FE3EA1}.Debug|x64.ActiveCfg = Debug|x64
		{AEEAA8FC-8711-4106-BB40-05ACB5FE3EA1}.Debug|x64.Build.0 = Debug|x64
		{AEEAA8FC-8711-4106-BB40-05ACB5FE3EA1}.Release|Win32.ActiveCfg = Release|Win32
		{AEEAA8FC-8711-4106-BB40-05ACB5FE3EA1}.Release|Win32.Build.0 = Release|Win32
		{AEEAA8FC-8711-4106-BB40-05ACB5FE3EA1}.Release|x64.ActiveCfg = Release|x64
		{AEEAA8FC-8711-4106-BB40-05ACB5FE3EA1}.Release|x64.Build.0 = Release|x64
		{ED1E6BBE-2729-451F-8E14-A998CF34A820}.Debug|Win32.ActiveCfg = Debug|Win32
		{ED1E6BBE-2729-451F-8E14-A998CF34A820}.Debug|Win32.Build.0 = Debug|Win32
		{ED1E6BBE-2729-451F-8E14-A998CF34A820}.Debug|x64.ActiveCfg = Debug|x64
		{ED1E6BBE-2729-451F-8E14-A998CF34A820}.Debug|x64.Build.0 = Debug|x64
		{ED1E6BBE-2729-451F-8E14-A998CF34A820}.Release|Win32.ActiveCfg = Release|Win32
		{ED1E6BBE-2729-451F-8E14-A998CF34A820}.Release|Win32.Build.0 = Release|Win32
		{ED1E6BBE-2729-451F-8E14-A998CF34A820}.Release|x64.ActiveCfg = Release|x64
		{ED1E6BBE-2729-451F-8E14-A998CF34A820}.Release|x64.Build.0 = Release|x64
		{A524E972-7A6F-4668-9D41-FFD937B9E85C}.Debug|Win32.ActiveCfg = Debug|Win32
		{A524E972-7A6F-4668-9D41-FFD937B9E85C}.Debug|Win32.Build.0 = Debug|Win32
		{A524E972-7A6F-4668-9D41-FFD937B9E85C}.Debug|x64.ActiveCfg = Debug|x64
		{A524E972-7A6F-4668-9D41-FFD937B9E85C}.Debug|x64.Build.0 = Debug|x64
		{A524E972-7A6F-4668-9D41-FFD937B9E85C}.Release|Win32.ActiveCfg = Release|Win32
		{A524E972-7A6F-4668-9D41-FFD937B9E85C}.Release|Win32.Build.0 = Release|Win32
		{A524E972-7A6F-4668-9D41-FFD937B9E85C}.Release|x64.ActiveCfg = Release|x64
		{A524E972-7A6F-4668-9D41-FFD937B9E85C}.Release|x64.Build.0 = Release|x64
		{4C7B4B95-384D-411B-8607-66ED2701E367}.Debug|Win32.ActiveCfg = Debug|Win32
		{4C7B4B95-384D-411B-8607-66ED2701E367}.Debug|Win32.Build.0 = Debug|Win32
		{4C7B4B95-384D-411B-8607-66ED2701E367}.Debug|x64.ActiveCfg = Debug|x64
		{4C7B4B95-384D-411B-8607-66ED2701E367}.Debug|x64.Build.0 = Debug|x64
		{4C7B4B95-384D-411B-8607-66ED2701E367}.Release|Win32.ActiveCfg = Release|Win32
		{4C7B4B95-384D-411B-8607-66ED2701E367}.Release|Win32.Build.0 = Release|Win32
		{4C7B4B95-384D-411B-8607-66ED2701E367}.Release|x64.ActiveCfg = Release|x64
		{4C7B4B95-384D-411B-8607-66ED2701E367}.Release|x64.Build.0 = Release|x64
		{D3B7F4DD-AC90-4A54-8105-276395618678}.Debug|Win32.ActiveCfg = Debug|Win32
		{D3B7F4DD-AC90-4A54-8105-276395618678}.Debug|Win32.Build.0 = Debug|Win32
		{D3B7F4DD-AC90-4A54-8105-276395618678}.Debug|x64.ActiveCfg = Debug|x64
		{D3B7F4DD-AC90-4A54-8105-276395618678}.Debug|x64.Build.0 = Debug|x64
		{D3B7F4DD-AC90-4A54-8105-276395618678}.Release|Win32.ActiveCfg = Release|Win32
		{D3B7F4DD-AC90-4A54-8105-276395618678}.Release|Win32.Build.0 = Release|Win32
		{D3B7F4DD-AC90-4A54-8105-276395618678}.Release|x64.ActiveCfg = Release|x64
		{D3B7F4DD-AC90-4A54-8105-276395618678}.Release|x64.Build.0 = Release|x64
		{A06E8170-8BBD-4E63-81DC-60FBDC53BA73}.Debug|Win32.ActiveCfg = Debug|Win32
		{A06E8170-8BBD-4E63-81DC-60FBDC53BA73}.Debug|Win32.Build.0 = Debug|Win32
		{A06E8170-8BBD-4E63-81DC-60FBDC53BA73}.Debug|x64.ActiveCfg = Debug|x64
		{A06E8170-8BBD-4E63-81DC-60FBDC53BA73}.Debug|x64.Build.0 = Debug|x64
		{A06E8170-8BBD-4E63-81DC-60FBDC53BA73}.Release|Win32.ActiveCfg = Release|Win32
		{A06E8170-8BBD-4E63-81DC-60FBDC53BA73}.Release|Win32.Build.0 = Release|Win32
		{A06E8170-8BBD-4E63-81DC-60FBDC53BA73}.Release|x64.ActiveCfg = Release|x64
		{A06E8170-8BBD-4E63-81DC-60FBDC53BA73}.Release|x64.Build.0 = Release|x64
		{0BA58FE7-02DA-41FB-90DD-60E264878BC8}.Debug|Win32.ActiveCfg = Debug|Win32
		{0BA58FE7-02DA-41FB-90DD-60E264878BC8}.Debug|Win32.Build.0 = Debug|Win32
		{0BA58FE7-02DA-41FB-90DD-60E264878BC8}.Debug|x64.ActiveCfg = Debug|x64
		{0BA58FE7-02DA-41FB-90DD-60E264878BC8}.Debug|x64.Build.0 = Debug|x64
		{0BA58FE7-02DA-41FB-90DD-60E264878BC8}.Release|Win32.ActiveCfg = Release|Win32
		{0BA58FE7-02DA-41FB-90DD-60E264878BC8}.Release|Win32.Build.0 = Release|Win32
		{0BA58FE7-02DA-41FB-90DD-60E264878BC8}.Release|x64.ActiveCfg = Release|x64
		{0BA58FE7-02DA-41FB-90DD-60E264878BC8}.Release|x64.Build.0 = Release|x64
		{C262C3DA-21DD-4847-8A72-C3489E452529}.Debug|Win32.ActiveCfg = Debug|Win32
		{C262C3DA-21DD-4847-8A72-C3489E452529}.Debug|Win32.Build.0 = Debug|Win32
		{C262C3DA-21DD-4847-8A72-C3489E452529}.Debug|x64.ActiveCfg = Debug|x64
		{C262C3DA-21DD-4847-8A72-C3489E452529}.Debug|x64.Build.0 = Debug|x64
		{C262C3DA-21DD-4847-8A72-C3489E452529}.Release|Win32.ActiveCfg = Release|Win32
		{C262C3DA-21DD-4847-8A72-C3489E452529}.Release|Win32.Build.0 = Release|Win32
		{C262C3DA-21DD-4847-8A72-C3489E452529}.Release|x64.ActiveCfg = Release|x64
		{C262C3DA-21DD-4847-8A72-C3489E452529}.Release|x64.Build.0 = Release|x64
		{E3994F5F-19C8-447E-B73A-B72832A3E856}.Debug|Win32.ActiveCfg = Debug|Win32
		{E3994F5F-19C8-447E-B73A-B72832A3E856}.Debug|Win32.Build.0 = Debug|Win32
		{E3994F5F-19C8-447E-B73A-B72832A3E856}.Debug|x64.ActiveCfg = Debug|x64
		{E3994F5F-19C8-447E-B73A-B72832A3E856}.Debug|x64.Build.0 = Debug|x64
		{E3994F5F-19C8-447E-B73A-B72832A3E856}.Release|Win32.ActiveCfg = Release|Win32
		{E3994F5F-19C8-447E-B73A-B72832A3E856}.Release|Win32.Build.0 = Release|Win32
		{E3994F5F-19C8-447E-B73A-B72832A3E856}.Release|x64.ActiveCfg = Release|x64
		{E3994F5F-19C8-447E-B73A-B72832A3E856}.Release|x64.Build.0 = Release|x64
		{3155897D-791D-4084-AFC1-EF19C43B63C7}.Debug|Win32.ActiveCfg = Debug|Win32
		{3155897D-791D-4084-AFC1-EF19C43B63C7}.Debug|Win32.Build.0 = Debug|Win32
		{3155897D-791D-4084-AFC1-EF19C43B63C7}.Debug|x64.ActiveCfg = Debug|x64
		{3155897D-791D-4084-AFC1-EF19C43B63C7}.Debug|x64.Build.0 = Debug|x64
		{3155897D-791D-4084-AFC1-EF19C43B63C7}.Release|Win32.ActiveCfg = Release|Win32
		{3155897D-791D-4084-AFC1-EF19C43B63C7}.Release|Win32.Build.0 = Release|Win32
		{3155897D-791D-4084-AFC1-EF19C43B63C7}.Release|x64.ActiveCfg = Release|x64
		{3155897D-791D-4084-AFC1-EF19C43B63C7}.Release|x64.Build.0 = Release|x64
		{FBF9AFE7-2A11-4A67-88F2-347BCEFC0239}.Debug|Win32.ActiveCfg = Debug|Win32
		{FBF9AFE7-2A11-4A67-88F2-347BCEFC0239}.Debug|Win32.Build.0 = Debug|Win32
		{FBF9AFE7-2A11-4A67-88F2-347BCEFC0239}.Debug|x64.ActiveCfg = Debug|x64
		{FBF9AFE7-2A11-4A67-88F2-347BCEFC0239}.Debug|x64.Build.0 = Debug|x64
		{FBF9AFE7-2A11-4A67-88F2-347BCEFC0239}.Release|Win32.ActiveCfg = Release|Win32
		{FBF9AFE7-2A11-4A67-88F2-347BCEFC0239}.Release|Win32.Build.0 = Release|Win32
		{FBF9AFE7-2A11-4A67-88F2-347BCEFC0239}.Release|x64.ActiveCfg = Release|x64
		{FBF9AFE7-2A11-4A67-88F2-347BCEFC0239}.Release|x64.Build.0 = Release|x64
		{78A47248-A182-4F0E-B8A0-0D8C64A4E9BD}.Debug|Win32.ActiveCfg = Debug|Win32
		{78A47248-A182-4F0E-B8A0-0D8C64A4E9BD}.Debug|Win32.Build.0 = Debug|Win32
		{78A47248-A182-4F0E-B8A0-0D8C64A4E9BD}.Debug|x64.ActiveCfg = Debug|x64
		{78A47248-A182-4F0E-B8A0-0D8C64A4E9BD}.Debug|x64.Build.0 = Debug|x64
		{78A47248-A182-4F0E-B8A0-0D8C64A4E9BD}.Release|Win32.ActiveCfg = Release|Win32
		{78A47248-A182-4F0E-B8A0-0D8C64A4E9BD}.Release|Win32.Build.0 = Release|Win32
		{78A47248-A182-4F0E-B8A0-0D8C64A4E9BD}.Release|x64.ActiveCfg = Release|x64
		{78A47248-A182-4F0E-B8A0-0D8C64A4E9BD}.Release|x64.Build.0 = Release|x64
		{7989B75A-65BC-4AF3-9527-AB2E0E5DE1E1}.Debug|Win32.ActiveCfg = Debug|Win32
		{7989B75A-65BC-4AF3-9527-AB2E0E5DE1E1}.Debug|Win32.Build.0 = Debug|Win32
		{7989B75A-65BC-4AF3-9527-AB2E0E5DE1E1}.Debug|x64.ActiveCfg = Debug|x64
		{7989B75A-65BC-4AF3-9527-AB2E0E5DE1E1}.Debug|x64.Build.0 = Debug|x64
		{7989B75A-65BC-4AF3-9527-AB2E0E5DE1E1}.Release|Win32.ActiveCfg = Release|Win32
		{7989B75A-65BC-4AF3-9527-AB2E0E5DE1E1}.Release|Win32.Build.0 = Release|Win32
		{7989B75A-65BC-4AF3-9527-AB2E0E5DE1E1}.Release|x64.ActiveCfg = Release|x64
		{7989B75A-65BC-4AF3-9527-AB2E0E5DE1E1}.Release|x64.Build.0 = Release|x64
		{BE7907AE-4A9C-49F5-AF98-B71BC3E4C2C1}.Debug|Win32.ActiveCfg = Debug|Win32
		{BE7907AE-4A9C-49F5-AF98-B71BC3E4C2C1}.Debug|Win32.Build.0 = Debug|Win32
		{BE7907AE-4A9C-49F5-AF98-B71BC3E4C2C1}.Debug|x64.ActiveCfg = Debug|x64
		{BE7907AE-4A9C-49F5-AF98-B71BC3E4C2C1}.Debug|x64.Build.0 = Debug|x64
		{BE7907AE-4A9C-49F5-AF98-B71BC3E4C2C1}.Release|Win32.ActiveCfg = Release|Win32
		{BE7907AE-4A9C-49F5-AF98-B71BC3E4C2C1}.Release|Win32.Build.0 = Release|Win32
		{BE7907AE-4A9C-49F5-AF98-B71BC3E4C2C1}.Release|x64.ActiveCfg = Release|x64
		{BE7907AE-4A9C-49F5-AF98-B71BC3E4C2C1}.Release|x64.Build.0 = Release|x64
		{BFA852AC-3613-4C81-99CC-EC8B69CBA8E2}.Debug|Win32.ActiveCfg = Debug|Win32
		{BFA852AC-3613-4C81-99CC-EC8B69CBA8E2}.Debug|Win32.Build.0 = Debug|Win32
		{BFA852AC-3613-4C81-99CC-EC8B69CBA8E2}.Debug|x64.ActiveCfg = Debug|x64
		{BFA852AC-3613-4C81-99CC-EC8B69CBA8E2}.Debug|x64.Build.0 = Debug|x64
		{BFA852AC-3613-4C81-99CC-EC8B69CBA8E2}.Release|Win32.ActiveCfg = Release|Win32
		{BFA852AC-3613-4C81-99CC-EC8B69CBA8E2}.Release|Win32.Build.0 = Release|Win32
		{BFA852AC-3613-4C81-99CC-EC8B69CBA8E2}.Release|x64.ActiveCfg = Release|x64
		{BFA852AC-3613-4C81-99CC-EC8B69CBA8E2}.Release|x64.Build.0 = Release|x64
		{AEB0CBCC-39AF-4A8D-AD1C-670FF950FA8B}.Debug|Win32.ActiveCfg = Debug|Win32
		{AEB0CBCC-39AF-4A8D-AD1C-670FF950FA8B}.Debug|Win32.Build.0 = Debug|Win32
		{AEB0CBCC-39AF-4A8D-AD1C-670FF950FA8B}.Debug|x64.ActiveCfg = Debug|x64
		{AEB0CBCC-39AF-4A8D-AD1C-670FF950FA8B}.Debug|x64.Build.0 = Debug|x64
		{AEB0CBCC-39AF-4A8D-AD1C-670FF950FA8B}.Release|Win32.ActiveCfg = Release|Win32
		{AEB0CBCC-39AF-4A8D-AD1C-670FF950FA8B}.Release|Win32.Build.0 = Release|Win32
		{AEB0CBCC-39AF-4A8D-AD1C-670FF950FA8B}.Release|x64.ActiveCfg = Release|x64
		{AEB0CBCC-39AF-4A8D-AD1C-670FF950FA8B}.Release|x64.Build.0 = Release|x64
		{49BF89E5-6A47-4EED-943A-3AEA3C7F647D}.Debug|Win32.ActiveCfg = Debug|Win32
		{49BF89E5-6A47-4EED-943A-3AEA3C7F647D}.Debug|Win32.Build.0 = Debug|Win32
		{49BF89E5-6A47-4EED-943A-3AEA3C7F647D}.Debug|x64.ActiveCfg = Debug|x64
		{49BF89E5-6A47-4EED-943A-3AEA3C7F647D}.Debug|x64.Build.0 = Debug|x64
		{49BF89E5-6A47-4EED-943A-3AEA3C7F647D}.Release|Win32.ActiveCfg = Release|Win32
		{49BF89E5-6A47-4EED-943A-3AEA3C7F647D}.Release|Win32.Build.0 = Release|Win32
		{49BF89E5-6A47-4EED-943A-3AEA3C7F647D}.Release|x64.ActiveCfg = Release|x64
		{49BF89E5-6A47-4EED-943A-3AEA3C7F647D}.Release|x64.Build.0 = Release|x64
		{7D3995DE-6B61-4559-A74A-DEF051D43D45}.Debug|Win32.ActiveCfg = Debug|Win32
		{7D3995DE-6B61-4559-A74A-DEF051D43D45}.Debug|Win32.Build.0 = Debug|Win32
		{7D3995DE-6B61-4559-A74A-DEF051D43D45}.Debug|x64.ActiveCfg = Debug|x64
		{7D3995DE-6B61-4559-A74A-DEF051D43D45}.Debug|x64.Build.0 = Debug|x64
		{7D3995DE-6B61-4559-A74A-DEF051D43D45}.Release|Win32.ActiveCfg = Release|Win32
		{7D3995DE-6B61-4559-A74A-DEF051D43D45}.Release|Win32.Build.0 = Release|Win32
		{7D3995DE-6B61-4559-A74A-DEF051D43D45}.Release|x64.ActiveCfg = Release|x64
		{7D3995DE-6B61-4559-A74A-DEF051D43D45}.Release|x64.Build.0 = Release|x64
		{E55122DD-3123-4A5C-BE4C-506FC62AF123}.Debug|Win32.ActiveCfg = Debug|Win32
		{E55122DD-3123-4A5C-BE4C-506FC62AF123}.Debug|Win32.Build.0 = Debug|Win32
		{E55122DD-3123-4A5C-BE4C-506FC62AF123}.Debug|x64.ActiveCfg = Debug|x64
		{E55122DD-3123-4A5C-BE4C-506FC62AF123}.Debug|x64.Build.0 = Debug|x64
		{E55122DD-3123-4A5C-BE4C-506FC62AF123}.Release|Win32.ActiveCfg = Release|Win32
		{E55122DD-3123-4A5C-BE4C-506FC62AF123}.Release|Win32.Build.0 = Release|Win32
		{E55122DD-3123-4A5C-BE4C-506FC62AF123}.Release|x64.ActiveCfg = Release|x64
		{E55122DD-3123-4A5C-BE4C-506FC62AF123}.Release|x64.Build.0 = Release|x64
		{7EA3F768-4CC0-4D3C-8727-752DB594C147}.Debug|Win32.ActiveCfg = Debug|Win32
		{7EA3F768-4CC0-4D3C-8727-752DB594C147}.Debug|Win32.Build.0 = Debug|Win32
		{7EA3F768-4CC0-4D3C-8727-752DB594C147}.Debug|x64.ActiveCfg = Debug|x64
		{7EA3F768-4CC0-4D3C-8727-752DB594C147}.Debug|x64.Build.0 = Debug|x64
		{7EA3F768-4CC0-4D3C-8727-752DB594C147}.Release|Win32.ActiveCfg = Release|Win32
		{7EA3F768-4CC0-4D3C-8727-752DB594C147}.Release|Win32.Build.0 = Release|Win32
		{7EA3F768-4CC0-4D3C-8727-752DB594C147}.Release|x64.ActiveCfg = Release|x64
		{7EA3F768-4CC0-4D3C-8727-752DB594C147}.Release|x64.Build.0 = Release|x64
		{86EF77AD-92AE-444A-BC30-50EFA7D1CBE8}.Debug|Win32.ActiveCfg = Debug|Win32
		{86EF77AD-92AE-444A-BC30-50EFA7D1CBE8}.Debug|Win32.Build.0 = Debug|Win32
		{86EF77AD-92AE-444A-BC30-50EFA7D1CBE8}.Debug|x64.ActiveCfg = Debug|x64
		{86EF77AD-92AE-444A-BC30-50EFA7D1CBE8}.Debug|x64.Build.0 = Debug|x64
		{86EF77AD-92AE-444A-BC30-50EFA7D1CBE8}.Release|Win32.ActiveCfg = Release|Win32
		{86EF77AD-92AE-444A-BC30-50EFA7D1CBE8}.Release|Win32.Build.0 = Release|Win32
		{86EF77AD-92AE-444A-BC30-50EFA7D1CBE8}.Release|x64.ActiveCfg = Release|x64
		{86EF77AD-92AE-444A-BC30-50EFA7D1CBE8}.Release|x64.Build.0 = Release|x64
		{E188A6FE-255C-45EF-B81D-3AE9BBA0DAE8}.Debug|Win32.ActiveCfg = Debug|Win32
		{E188A6FE-255C-45EF-B81D-3AE9BBA0DAE8}.Debug|Win32.Build.0 = Debug|Win32
		{E188A6FE-255C-45EF-B81D-3AE9BBA0DAE8}.Debug|x64.ActiveCfg = Debug|x64
		{E188A6FE-255C-45EF-B81D-3AE9BBA0DAE8}.Debug|x64.Build.0 = Debug|x64
		{E188A6FE-255C-45EF-B81D-3AE9BBA0DAE8}.Release|Win32.ActiveCfg = Release|Win32
		{E188A6FE-255C-45EF-B81D-3AE9BBA0DAE8}.Release|Win32.Build.0 = Release|Win32
		{E188A6FE-255C-45EF-B81D-3AE9BBA0DAE8}.Release|x64.ActiveCfg = Release|x64
		{E188A6FE-255C-45EF-B81D-3AE9BBA0DAE8}.Release|x64.Build.0 = Release|x64
		{38A060F9-CDE8-49C9-A9BA-5B3E1CCE6CEC}.Debug|Win32.ActiveCfg = Debug|Win32
		{38A060F9-CDE8-49C9-A9BA-5B3E1CCE6CEC}.Debug|Win32.Build.0 = Debug|Win32
		{38A060F9-CDE8-49C9-A9BA-5B3E1CCE6CEC}.Debug|x64.ActiveCfg = Debug|x64
		{38A060F9-CDE8-49C9-A9BA-5B3E1CCE6CEC}.Debug|x64.Build.0 = Debug|x64
		{38A060F9-CDE8-49C9-A9BA-5B3E1CCE6CEC}.Release|Win32.ActiveCfg = Release|Win32
		{38A060F9-CDE8-49C9-A9BA-5B3E1CCE6CEC}.Release|Win32.Build.0 = Release|Win32
		{38A060F9-CDE8-49C9-A9BA-5B3E1CCE6CEC}.Release|x64.ActiveCfg = Release|x64
		{38A060F9-CDE8-49C9-A9BA-5B3E1CCE6CEC}.Release|x64.Build.0 = Release|x64
		{98E9C282-AE94-43F0-8143-E326239FD7CF}.Debug|Win32.ActiveCfg = Debug|Win32
		{98E9C282-AE94-43F0-8143-E326239FD7CF}.Debug|Win32.Build.0 = Debug|Win32
		{98E9C282-AE94-43F0-8143-E326239FD7CF}.Debug|x64.ActiveCfg = Debug|x64
		{98E9C282-AE94-43F0-8143-E326239FD7CF}.Debug|x64.Build.0 = Debug|x64
		{98E9C282-AE94-43F0-8143-E326239FD7CF}.Release|Win32.ActiveCfg = Release|Win32
		{98E9C282-AE94-43F0-8143-E326239FD7CF}.Release|Win32.Build.0 = Release|Win32
		{98E9C282-AE94-43F0-8143-E326239FD7CF}.Release|x64.ActiveCfg = Release|x64
		{98E9C282-AE94-43F0-8143-E326239FD7CF}.Release|x64.Build.0 = Release|x64
		{CE18C2C3-B81A-42C8-A485-C843BD2E1D9E}.Debug|Win32.ActiveCfg = Debug|Win32
		{CE18C2C3-B81A-42C8-A485-C843BD2E1D9E}.Debug|Win32.Build.0 = Debug|Win32
		{CE18C2C3-B81A-42C8-A485-C843BD2E1D9E}.Debug|x64.ActiveCfg = Debug|x64
		{CE18C2C3-B81A-42C8-A485-C843BD2E1D9E}.Debug|x64.Build.0 = Debug|x64
		{CE18C2C3-B81A-42C8-A485-C843BD2E1D9E}.Release|Win32.ActiveCfg = Release|Win32
		{CE18C2C3-B81A-42C8-A485-C843BD2E1D9E}.Release|Win32.Build.0 = Release|Win32
		{CE18C2C3-B81A-42C8-A485-C843BD2E1D9E}.Release|x64.ActiveCfg = Release|x64
		{CE18C2C3-B81A-42C8-A485-C843BD2E1D9E}.Release|x64.Build.0 = Release|x64
		{8C4FA935-A3ED-4E77-9BDF-43BE20B4ECDC}.Debug|Win32.ActiveCfg = Debug|Win32
		{8C4FA935-A3ED-4E77-9BDF-43BE20B4ECDC}.Debug|Win32.Build.0 = Debug|Win32
		{8C4FA935-A3ED-4E77-9BDF-43BE20B4ECDC}.Debug|x64.ActiveCfg = Debug|x64
		{8C4FA935-A3ED-4E77-9BDF-43BE20B4ECDC}.Debug|x64.Build.0 = Debug|x64
		{8C4FA935-A3ED-4E77-9BDF-43BE20B4ECDC}.Release|Win32.ActiveCfg = Release|Win32
		{8C4FA935-A3ED-4E77-9BDF-43BE20B4ECDC}.Release|Win32.Build.0 = Release|Win32
		{8C4FA935-A3ED-4E77-9BDF-43BE20B4ECDC}.Release|x64.ActiveCfg = Release|x64
		{8C4FA935-A3ED-4E77-9BDF-43BE20B4ECDC}.Release|x64.Build.0 = Release|x64
		{CB76C8E8-25CB-46A5-908A-F47FCCB18604}.Debug|Win32.ActiveCfg = Debug|Win32
		{CB76C8E8-25CB-46A5-908A-F47FCCB18604}.Debug|Win32.Build.0 = Debug|Win32
		{CB76C8E8-25CB-46A5-908A-F47FCCB18604}.Debug|x64.ActiveCfg = Debug|x64
		{CB76C8E8-25CB-46A5-908A-F47FCCB18604}.Debug|x64.Build.0 = Debug|x64
		{CB76C8E8-25CB-46A5-908A-F47FCCB18604}.Release|Win32.ActiveCfg = Release|Win32
		{CB76C8E8-25CB-46A5-908A-F47FCCB18604}.Release|Win32.Build.0 = Release|Win32
		{CB76C8E8-25CB-46A5-908A-F47FCCB18604}.Release|x64.ActiveCfg = Release|x64
		{CB76C8E8-25CB-46A5-908A-F47FCCB18604}.Release|x64.Build.0 = Release|x64
		{06864494-B7EA-4786-96A7-8C499773DDBA}.Debug|Win32.ActiveCfg = Debug|Win32
		{06864494-B7EA-4786-96A7-8C499773DDBA}.Debug|Win32.Build.0 = Debug|Win32
		{06864494-B7EA-4786-96A7-8C499773DDBA}.Debug|x64.ActiveCfg = Debug|x64
		{06864494-B7EA-4786-96A7-8C499773DDBA}.Debug|x64.Build.0 = Debug|x64
		{06864494-B7EA-4786-96A7-8C499773DDBA}.Release|Win32.ActiveCfg = Release|Win32
		{06864494-B7EA-4786-96A7-8C499773DDBA}.Release|Win32.Build.0 = Release|Win32
		{06864494-B7EA-4786-96A7-8C499773DDBA}.Release|x64.ActiveCfg = Release|x64
		{06864494-B7EA-4786-96A7-8C499773DDBA}.Release|x64.Build.0 = Release|x64
		{0DC37E80-E97F-4F43-84A6-50FFF29FC95A}.Debug|Win32.ActiveCfg = Debug|Win32
		{0DC37E80-E97F-4F43-84A6-50FFF29FC95A}.Debug|Win32.Build.0 = Debug|Win32
		{0DC37E80-E97F-4F43-84A6-50FFF29FC95A}.Debug|x64.ActiveCfg = Debug|x64
		{0DC37E80-E97F-4F43-84A6-50FFF29FC95A}.Debug|x64.Build.0 = Debug|x64
		{0DC37E80-E97F-4F43-84A6-50FFF29FC95A}.Release|Win32.ActiveCfg = Release|Win32
		{0DC37E80-E97F-4F43-84A6-50FFF29FC95A}.Release|Win32.Build.0 = Release|Win32
		{0DC37E80-E97F-4F43-84A6-50FFF29FC95A}.Release|x64.ActiveCfg = Release|x64
		{0DC37E80-E97F-4F43-84A6-50FFF29FC95A}.Release|x64.Build.0 = Release|x64
		{C1C5D3E6-D800-4412-BFA1-B7570686C87B}.Debug|Win32.ActiveCfg = Debug|Win32
		{C1C5D3E6-D800-4412-BFA1-B7570686C87B}.Debug|Win32.Build.0 = Debug|Win32
		{C1C5D3E6-D800-4412-BFA1-B7570686C87B}.Debug|x64.ActiveCfg = Debug|x64
		{C1C5D3E6-D800-4412-BFA1-B7570686C87B}.Debug|x64.Build.0 = Debug|x64
		{C1C5D3E6-D800-4412-BFA1-B7570686C87B}.Release|Win32.ActiveCfg = Release|Win32
		{C1C5D3E6-D800-4412-BFA1-B7570686C87B}.Release|Win32.Build.0 = Release|Win32
		{C1C5D3E6-D800-4412-BFA1-B7570686C87B}.Release|x64.ActiveCfg = Release|x64
		{C1C5D3E6-D800-4412-BFA1-B7570686C87B}.Release|x64.Build.0 = Release|x64
		{E7602BC5-257F-48BF-B79B-F50ACD9AC5B2}.Debug|Win32.ActiveCfg = Debug|Win32
		{E7602BC5-257F-48BF-B79B-F50ACD9AC5B2}.Debug|Win32.Build.0 = Debug|Win32
		{E7602BC5-257F-48BF-B79B-F50ACD9AC5B2}.Debug|x64.ActiveCfg = Debug|x64
		{E7602BC5-257F-48BF-B79B-F50ACD9AC5B2}.Debug|x64.Build.0 = Debug|x64
		{E7602BC5-257F-48BF-B79B-F50ACD9AC5B2}.Release|Win32.ActiveCfg = Release|Win32
		{E7602BC5-257F-48BF-B79B-F50ACD9AC5B2}.Release|Win32.Build.0 = Release|Win32
		{E7602BC5-257F-48BF-B79B-F50ACD9AC5B2}.Release|x64.ActiveCfg = Release|x64
		{E7602BC5-257F-48BF-B79B-F50ACD9AC5B2}.Release|x64.Build.0 = Release|x64
		{DD21FFE5-3A9F-4083-BDAB-720E79DBD3F5}.Debug|Win32.ActiveCfg = Debug|Win32
		{DD21FFE5-3A9F-4083-BDAB-720E79DBD3F5}.Debug|Win32.Build.0 = Debug|Win32
		{DD21FFE5-3A9F-4083-BDAB-720E79DBD3F5}.Debug|x64.ActiveCfg = Debug|x64
		{DD21FFE5-3A9F-4083-BDAB-720E79DBD3F5}.Debug|x64.Build.0 = Debug|x64
		{DD21FFE5-3A9F-4083-BDAB-720E79DBD3F5}.Release|Win32.ActiveCfg = Release|Win32
		{DD21FFE5-3A9F-4083-BDAB-720E79DBD3F5}.Release|Win32.Build.0 = Release|Win32
		{DD21FFE5-3A9F-4083-BDAB-720E79DBD3F5}.Release|x64.ActiveCfg = Release|x64
		{DD21FFE5-3A9F-4083-BDAB-720E79DBD3F5}.Release|x64.Build.0 = Release|x64
		{C21017F6-26EE-414D-8CEB-34385B8C2EF8}.Debug|Win32.ActiveCfg = Debug|Win32
		{C21017F6-26EE-414D-8CEB-34385B8C2EF8}.Debug|Win32.Build.0 = Debug|Win32
		{C21017F6-26EE-414D-8CEB-34385B8C2EF8}.Debug|x64.ActiveCfg = Debug|x64
		{C21017F6-26EE-414D-8CEB-34385B8C2EF8}.Debug|x64.Build.0 = Debug|x64
		{C21017F6-26EE-414D-8CEB-34385B8C2EF8}.Release|Win32.ActiveCfg = Release|Win32
		{C21017F6-26EE-414D-8CEB-34385B8C2EF8}.Release|Win32.Build.0 = Release|Win32
		{C21017F6-26EE-414D-8CEB-34385B8C2EF8}.Release|x64.ActiveCfg = Release|x64
		{C21017F6-26EE-414D-8CEB-34385B8C2EF8}.Release|x64.Build.0 = Release|x64
		{4CA2AF3C-960B-4930-9342-C7CED41C8BF9}.Debug|Win32.ActiveCfg = Debug|Win32
		{4CA2AF3C-960B-4930-9342-C7CED41C8BF9}.Debug|Win32.Build.0 = Debug|Win32
		{4CA2AF3C-960B-4930-9342-C7CED41C8BF9}.Debug|x64.ActiveCfg = Debug|x64
		{4CA2AF3C-960B-4930-9342-C7CED41C8BF9}.Debug|x64.Build.0 = Debug|x64
		{4CA2AF3C-960B-4930-9342-C7CED41C8BF9}.Release|Win32.ActiveCfg = Release|Win32
		{4CA2AF3C-960B-4930-9342-C7CED41C8BF9}.Release|Win32.Build.0 = Release|Win32
		{4CA2AF3C-960B-4930-9342-C7CED41C8BF9}.Release|x64.ActiveCfg = Release|x64
		{4CA2AF3C-960B-4930-9342-C7CED41C8BF9}.Release|x64.Build.0 = Release|x64
		{3272AFDA-1211-48EB-8D97-4A25354B1934}.Debug|Win32.ActiveCfg = Debug|Win32
		{3272AFDA-1211-48EB-8D97-4A25354B1934}.Debug|Win32.Build.0 = Debug|Win32
		{3272AFDA-1211-48EB-8D97-4A25354B1934}.Debug|x64.ActiveCfg = Debug|x64
		{3272AFDA-1211-48EB-8D97-4A25354B1934}.Debug|x64.Build.0 = Debug|x64
		{3272AFDA-1211-48EB-8D97-4A25354B1934}.Release|Win32.ActiveCfg = Release|Win32
		{3272AFDA-1211-48EB-8D97-4A25354B1934}.Release|Win32.Build.0 = Release|Win32
		{3272AFDA-1211-48EB-8D97-4A25354B1934}.Release|x64.ActiveCfg = Release|x64
		{3272AFDA-1211-48EB-8D97-4A25354B1934}.Release|x64.Build.0 = Release|x64
		{A1109057-B15C-4366-A0EB-5CFB38EF70BA}.Debug|Win32.ActiveCfg = Debug|Win32
		{A1109057-B15C-4366-A0EB-5CFB38EF70BA}.Debug|Win32.Build.0 = Debug|Win32
		{A1109057-B15C-4366-A0EB-5CFB38EF70BA}.Debug|x64.ActiveCfg = Debug|x64
		{A1109057-B15C-4366-A0EB-5CFB38EF70BA}.Debug|x64.Build.0 = Debug|x64
		{A1109057-B15C-4366-A0EB-5CFB38EF70BA}.Release|Win32.ActiveCfg = Release|Win32
		{A1109057-B15C-4366-A0EB-5CFB38EF70BA}.Release|Win32.Build.0 = Release|Win32
		{A1109057-B15C-4366-A0EB-5CFB38EF70BA}.Release|x64.ActiveCfg = Release|x64
		{A1109057-B15C-4366-A0EB-5CFB38EF70BA}.Release|x64.Build.0 = Release|x64
		{8138A9DB-974C-405F-9F55-262719B4F442}.Debug|Win32.ActiveCfg = Debug|Win32
		{8138A9DB-974C-405F-9F55-262719B4F442}.Debug|Win32.Build.0 = Debug|Win32
		{8138A9DB-974C-405F-9F55-262719B4F442}.Debug|x64.ActiveCfg = Debug|x64
		{8138A9DB-974C-405F-9F55-262719B4F442}.Debug|x64.Build.0 = Debug|x64
		{8138A9DB-974C-405F-9F55-262719B4F442}.Release|Win32.ActiveCfg = Release|Win32
		{8138A9DB-974C-405F-9F55-262719B4F442}.Release|Win32.Build.0 = Release|Win32
		{8138A9DB-974C-405F-9F55-262719B4F442}.Release|x64.ActiveCfg = Release|x64
		{8138A9DB-974C-405F-9F55-262719B4F442}.Release|x64.Build.0 = Release|x64
		{B666A97D-369B-4F6F-B92B-7323610927AE}.Debug|Win32.ActiveCfg = Debug|Win32
		{B666A97D-369B-4F6F-B92B-7323610927AE}.Debug|Win32.Build.0 = Debug|Win32
		{B666A97D-369B-4F6F-B92B-7323610927AE}.Debug|x64.ActiveCfg = Debug|x64
		{B666A97D-369B-4F6F-B92B-7323610927AE}.Debug|x64.Build.0 = Debug|x64
		{B666A97D-369B-4F6F-B92B-7323610927AE}.Release|Win32.ActiveCfg = Release|Win32
		{B666A97D-369B-4F6F-B92B-7323610927AE}.Release|Win32.Build.0 = Release|Win32
		{B666A97D-369B-4F6F-B92B-7323610927AE}.Release|x64.ActiveCfg = Release|x64
		{B666A97D-369B-4F6F-B92B-7323610927AE}.Release|x64.Build.0 = Release|x64
		{8B32B305-992D-4AB6-9DED-053B3540C7DA}.Debug|Win32.ActiveCfg = Debug|Win32
		{8B32B305-992D-4AB6-9DED-053B3540C7DA}.Debug|Win32.Build.0 = Debug|Win32
		{8B32B305-992D-4AB6-9DED-053B3540C7DA}.Debug|x64.ActiveCfg = Debug|x64
		{8B32B305-992D-4AB6-9DED-053B3540C7DA}.Debug|x64.Build.0 = Debug|x64
		{8B32B305-992D-4AB6-9DED-053B3540C7DA}.Release|Win32.ActiveCfg = Release|Win32
		{8B32B305-992D-4AB6-9DED-053B3540C7DA}.Release|Win32.Build.0 = Release|Win32
		{8B32B305-992D-4AB6-9DED-053B3540C7DA}.Release|x64.ActiveCfg = Release|x64
		{8B32B305-992D-4AB6-9DED-053B3540C7DA}.Release|x64.Build.0 = Release|x64
		{5873C4C1-61E5-42F3-A7B8-87E5623BFA7C}.Debug|Win32.ActiveCfg = Debug|Win32
		{5873C4C1-61E5-42F3-A7B8-87E5623BFA7C}.Debug|Win32.Build.0 = Debug|Win32
		{5873C4C1-61E5-42F3-A7B8-87E5623BFA7C}.Debug|x64.ActiveCfg = Debug|x64
		{5873C4C1-61E5-42F3-A7B8-87E5623BFA7C}.Debug|x64.Build.0 = Debug|x64
		{5873C4C1-61E5-42F3-A7B8-87E5623BFA7C}.Release|Win32.ActiveCfg = Release|Win32
		{5873C4C1-61E5-42F3-A7B8-87E5623BFA7C}.Release|Win32.Build.0 = Release|Win32
		{5873C4C1-61E5-42F3-A7B8-87E5623BFA7C}.Release|x64.ActiveCfg = Release|x64
		{5873C4C1-61E5-42F3-A7B8-87E5623BFA7C}.Release|x64.Build.0 = Release|x64
		{A00C2FE8-46C5-42BD-A4BD-B8293BE92A46}.Debug|Win32.ActiveCfg = Debug|Win32
		{A00C2FE8-46C5-42BD-A4BD-B8293BE92A46}.Debug|Win32.Build.0 = Debug|Win32
		{A00C2FE8-46C5-42BD-A4BD-B8293BE92A46}.Debug|x64.ActiveCfg = Debug|x64
		{A00C2FE8-46C5-42BD-A4BD-B8293BE92A46}.Debug|x64.Build.0 = Debug|x64
		{A00C2FE8-46C5-42BD-A4BD-B8293BE92A46}.Release|Win32.ActiveCfg = Release|Win32
		{A00C2FE8-46C5-42BD-A4BD-B8293BE92A46}.Release|Win32.Build.0 = Release|Win32
		{A00C2FE8-46C5-42BD-A4BD-B8293BE92A46}.Release|x64.ActiveCfg = Release|x64
		{A00C2FE8-46C5-42BD-A4BD-B8293BE92A46}.Release|x64.Build.0 = Release|x64
		{CCA5B4DE-C39F-4149-9BA1-4977BA26A0D7}.Debug|Win32.ActiveCfg = Debug|Win32
		{CCA5B4DE-C39F-4149-9BA1-4977BA26A0D7}.Debug|Win32.Build.0 = Debug|Win32
		{CCA5B4DE-C39F-4149-9BA1-4977BA26A0D7}.Debug|x64.ActiveCfg = Debug|x64
		{CCA5B4DE-C39F-4149-9BA1-4977BA26A0D7}.Debug|x64.Build.0 = Debug|x64
		{CCA5B4DE-C39F-4149-9BA1-4977BA26A0D7}.Release|Win32.ActiveCfg = Release|Win32
		{CCA5B4DE-C39F-4149-9BA1-4977BA26A0D7}.Release|Win32.Build.0 = Release|Win32
		{CCA5B4DE-C39F-4149-9BA1-4977BA26A0D7}.Release|x64.ActiveCfg = Release|x64
		{CCA5B4DE-C39F-4149-9BA1-4977BA26A0D7}.Release|x64.Build.0 = Release|x64
		{0C75417A-E0FE-45DF-9E67-893F87CA2386}.Debug|Win32.ActiveCfg = Debug|Win32
		{0C75417A-E0FE-45DF-9E67-893F87CA2386}.Debug|Win32.Build.0 = Debug|Win32
		{0C75417A-E0FE-45DF-9E67-893F87CA2386}.Debug|x64.ActiveCfg = Debug|x64
		{0C75417A-E0FE-45DF-9E67-893F87CA2386}.Debug|x64.Build.0 = Debug|x64
		{0C75417A-E0FE-45DF-9E67-893F87CA2386}.Release|Win32.ActiveCfg = Release|Win32
		{0C75417A-E0FE-45DF-9E67-893F87CA2386}.Release|Win32.Build.0 = Release|Win32
		{0C75417A-E0FE-45DF-9E67-893F87CA2386}.Release|x64.ActiveCfg = Release|x64
		{0C75417A-E0FE-45DF-9E67-893F87CA2386}.Release|x64.Build.0 = Release|x64
		{3BECA712-CA60-43AA-BD72-2DCB30337DB1}.Debug|Win32.ActiveCfg = Debug|Win32
		{3BECA712-CA60-43AA-BD72-2DCB30337DB1}.Debug|Win32.Build.0 = Debug|Win32
		{3BECA712-CA60-43AA-BD72-2DCB30337DB1}.Debug|x64.ActiveCfg = Debug|x64
		{3BECA712-CA60-43AA-BD72-2DCB30337DB1}.Debug|x64.Build.0 = Debug|x64
		{3BECA712-CA60-43AA-BD72-2DCB30337DB1}.Release|Win32.ActiveCfg = Release|Win32
		{3BECA712-CA60-43AA-BD72-2DCB30337DB1}.Release|Win32.Build.0 = Release|Win32
		{3BECA712-CA60-43AA-BD72-2DCB30337DB1}.Release|x64.ActiveCfg = Release|x64
		{3BECA712-CA60-43AA-BD72-2DCB30337DB1}.Release|x64.Build.0 = Release|x64
		{FC5F7F7D-8985-4D71-988B-E81E89910B2D}.Debug|Win32.ActiveCfg = Debug|Win32
		{FC5F7F7D-8985-4D71-988B-E81E89910B2D}.Debug|Win32.Build.0 = Debug|Win32
		{FC5F7F7D-8985-4D71-988B-E81E89910B2D}.Debug|x64.ActiveCfg = Debug|x64
		{FC5F7F7D-8985-4D71-988B-E81E89910B2D}.Debug|x64.Build.0 = Debug|x64
		{FC5F7F7D-8985-4D71-988B-E81E89910B2D}.Release|Win32.ActiveCfg = Release|Win32
		{FC5F7F7D-8985-4D71-988B-E81E89910B2D}.Release|Win32.Build.0 = Release|Win32
		{FC5F7F7D-8985-4D71-988B-E81E89910B2D}.Release|x64.ActiveCfg = Release|x64
		{FC5F7F7D-8985-4D71-988B-E81E89910B2D}.Release|x64.Build.0 = Release|x64
		{6A578FB8-2F14-4335-B8DD-7D4172896AE3}.Debug|Win32.ActiveCfg = Debug|Win32
		{6A578FB8-2F14-4335-B8DD-7D4172896AE3}.Debug|Win32.Build.0 = Debug|Win32
		{6A578FB8-2F14-4335-B8DD-7D4172896AE3}.Debug|x64.ActiveCfg = Debug|x64
		{6A578FB8-2F14-4335-B8DD-7D4172896AE3}.Debug|x64.Build.0 = Debug|x64
		{6A578FB8-2F14-4335-B8DD-7D4172896AE3}.Release|Win32.ActiveCfg = Release|Win32
		{6A578FB8-2F14-4335-B8DD-7D4172896AE3}.Release|Win32.Build.0 = Release|Win32
		{6A578FB8-2F14-4335-B8DD-7D4172896AE3}.Release|x64.ActiveCfg = Release|x64
		{6A578FB8-2F14-4335-B8DD-7D4172896AE3}.Release|x64.Build.0 = Release|x64
		{B5FBB039-8455-447A-9280-EB5C6188D4BD}.Debug|Win32.ActiveCfg = Debug|Win32
		{B5FBB039-8455-447A-9280-EB5C6188D4BD}.Debug|Win32.Build.0 = Debug|Win32
		{B5FBB039-8455-447A-9280-EB5C6188D4BD}.Debug|x64.ActiveCfg = Debug|x64
		{B5FBB039-8455-447A-9280-EB5C6188D4BD}.Debug|x64.Build.0 = Debug|x64
		{B5FBB039-8455-447A-9280-EB5C6188D4BD}.Release|Win32.ActiveCfg = Release|Win32
		{B5FBB039-8455-447A-9280-EB5C6188D4BD}.Release|Win32.Build.0 = Release|Win32
		{B5FBB039-8455-447A-9280-EB5C6188D4BD}.Release|x64.ActiveCfg = Release|x64
		{B5FBB039-8455-447A-9280-EB5C6188D4BD}.Release|x64.Build.0 = Release|x64
		{BEAEE152-2544-42CA-965B-0351166DA9A9}.Debug|Win32.ActiveCfg = Debug|Win32
		{BEAEE152-2544-42CA-965B-0351166DA9A9}.Debug|Win32.Build.0 = Debug|Win32
		{BEAEE152-2544-42CA-965B-0351166DA9A9}.Debug|x64.ActiveCfg = Debug|x64
		{BEAEE152-2544-42CA-965B-0351166DA9A9}.Debug|x64.Build.0 = Debug|x64
		{BEAEE152-2544-42CA-965B-0351166DA9A9}.Release|Win32.ActiveCfg = Release|Win32
		{BEAEE152-2544-42CA-965B-0351166DA9A9}.Release|Win32.Build.0 = Release|Win32
		{BEAEE152-2544-42CA-965B-0351166DA9A9}.Release|x64.ActiveCfg = Release|x64
		{BEAEE152-2544-42CA-965B-0351166DA9A9}.Release|x64.Build.0 = Release|x64
		{7DFD3716-5589-4570-9CF7-D980F7C2D74D}.Debug|Win32.ActiveCfg = Debug|Win32
		{7DFD3716-5589-4570-9CF7-D980F7C2D74D}.Debug|Win32.Build.0 = Debug|Win32
		{7DFD3716-5589-4570-9CF7-D980F7C2D74D}.Debug|x64.ActiveCfg = Debug|x64
		{7DFD3716-5589-4570-9CF7-D980F7C2D74D}.Debug|x64.Build.0 = Debug|x64
		{7DFD3716-5589-4570-9CF7-D980F7C2D74D}.Release|Win32.ActiveCfg = Release|Win32
		{7DFD3716-5589-4570-9CF7-D980F7C2D74D}.Release|Win32.Build.0 = Release|Win32
		{7DFD3716-5589-4570-9CF7-D980F7C2D74D}.Release|x64.ActiveCfg = Release|x64
		{7DFD3716-5589-4570-9CF7-D980F7C2D74D}.Release|x64.Build.0 = Release|x64
		{4D258F7B-5B90-40BE-8565-2288CA401F76}.Debug|Win32.ActiveCfg = Debug|Win32
		{4D258F7B-5B90-40BE-8565-2288CA401F76}.Debug|Win32.Build.0 = Debug|Win32
		{4D258F7B-5B90-40BE-8565-2288CA401F76}.Debug|x64.ActiveCfg = Debug|x64
		{4D258F7B-5B90-40BE-8565-2288CA401F76}.Debug|x64.Build.0 = Debug|x64
		{4D258F7B-5B90-40BE-8565-2288CA401F76}.Release|Win32.ActiveCfg = Release|Win32
		{4D258F7B-5B90-40BE-8565-2288CA401F76}.Release|Win32.Build.0 = Release|Win32
		{4D258F7B-5B90-40BE-8565-2288CA401F76}.Release|x64.ActiveCfg = Release|x64
		{4D258F7B-5B90-40BE-8565-2288CA401F76}.Release|x64.Build.0 = Release|x64
		{A3675FCC-A8F4-45A4-95A8-F851A60994EB}.Debug|Win32.ActiveCfg = Debug|Win32
		{A3675FCC-A8F4-45A4-95A8-F851A60994EB}.Debug|Win32.Build.0 = Debug|Win32
		{A3675FCC-A8F4-45A4-95A8-F851A60994EB}.Debug|x64.ActiveCfg = Debug|x64
		{A3675FCC-A8F4-45A4-95A8-F851A60994EB}.Debug|x64.Build.0 = Debug|x64
		{A3675FCC-A8F4-45A4-95A8-F851A60994EB}.Release|Win32.ActiveCfg = Release|Win32
		{A3675FCC-A8F4-45A4-95A8-F851A60994EB}.Release|Win32.Build.0 = Release|Win32
		{A3675FCC-A8F4-45A4-95A8-F851A60994EB}.Release|x64.ActiveCfg = Release|x64
		{A3675FCC-A8F4-45A4-95A8-F851A60994EB}.Release|x64.Build.0 = Release|x64
		{AE10ECD6-7AD2-445C-A846-5C1F76B7F871}.Debug|Win32.ActiveCfg = Debug|Win32
		{AE10ECD6-7AD2-445C-A846-5C1F76B7F871}.Debug|Win32.Build.0 = Debug|Win32
		{AE10ECD6-7AD2-445C-A846-5C1F76B7F871}.Debug|x64.ActiveCfg = Debug|x64
		{AE10ECD6-7AD2-445C-A846-5C1F76B7F871}.Debug|x64.Build.0 = Debug|x64
		{AE10ECD6-7AD2-445C-A846-5C1F76B7F871}.Release|Win32.ActiveCfg = Release|Win32
		{AE10ECD6-7AD2-445C-A846-5C1F76B7F871}.Release|Win32.Build.0 = Release|Win32
		{AE10ECD6-7AD2-445C-A846-5C1F76B7F871}.Release|x64.ActiveCfg = Release|x64
		{AE10ECD6-7AD2-445C-A846-5C1F76B7F871}.Release|x64.Build.0 = Release|x64
		{B36C1E1A-F079-44D0-9E73-F3F7FEFC1841}.Debug|Win32.ActiveCfg = Debug|Win32
		{B36C1E1A-F079-44D0-9E73-F3F7FEFC1841}.Debug|Win32.Build.0 = Debug|Win32
		{B36C1E1A-F079-44D0-9E73-F3F7FEFC1841}.Debug|x64.ActiveCfg = Debug|x64
		{B36C1E1A-F079-44D0-9E73-F3F7FEFC1841}.Debug|x64.Build.0 = Debug|x64
		{B36C1E1A-F079-44D0-9E73-F3F7FEFC1841}.Release|Win32.ActiveCfg = Release|Win32
		{B36C1E1A-F079-44D0-9E73-F3F7FEFC1841}.Release|Win32.Build.0 = Release|Win32
		{B36C1E1A-F079-44D0-9E73-F3F7FEFC1841}.Release|x64.ActiveCfg = Release|x64
		{B36C1E1A-F079-44D0-9E73-F3F7FEFC1841}.Release|x64.Build.0 = Release|x64
		{10E2ED22-856E-4564-A5ED-380CBD2494AA}.Debug|Win32.ActiveCfg = Debug|Win32
		{10E2ED22-856E-4564-A5ED-380CBD2494AA}.Debug|Win32.Build.0 = Debug|Win32
		{10E2ED22-856E-4564-A5ED-380CBD2494AA}.Debug|x64.ActiveCfg = Debug|x64
		{10E2ED22-856E-4564-A5ED-380CBD2494AA}.Debug|x64.Build.0 = Debug|x64
		{10E2ED22-856E-4564-A5ED-380CBD2494AA}.Release|Win32.ActiveCfg = Release|Win32
		{10E2ED22-856E-4564-A5ED-380CBD2494AA}.Release|Win32.Build.0 = Release|Win32
		{10E2ED22-856E-4564-A5ED-380CBD2494AA}.Release|x64.ActiveCfg = Release|x64
		{10E2ED22-856E-4564-A5ED-380CBD2494AA}.Release|x64.Build.0 = Release|x64
		{A789576A-8C38-4CEA-B22B-1D947FB436DF}.Debug|Win32.ActiveCfg = Debug|Win32
		{A789576A-8C38-4CEA-B22B-1D947FB436DF}.Debug|Win32.Build.0 = Debug|Win32
		{A789576A-8C38-4CEA-B22B-1D947FB436DF}.Debug|x64.ActiveCfg = Debug|x64
		{A789576A-8C38-4CEA-B22B-1D947FB436DF}.Debug|x64.Build.0 = Debug|x64
		{A789576A-8C38-4CEA-B22B-1D947FB436DF}.Release|Win32.ActiveCfg = Release|Win32
		{A789576A-8C38-4CEA-B22B-1D947FB436DF}.Release|Win32.Build.0 = Release|Win32
		{A789576A-8C38-4CEA-B22B-1D947FB436DF}.Release|x64.ActiveCfg = Release|x64
		{A789576A-8C38-4CEA-B22B-1D947FB436DF}.Release|x64.Build.0 = Release|x64
		{DE5060A2-AAFD-444A-8CB6-DA3D188654D6}.Debug|Win32.ActiveCfg = Debug|Win32
		{DE5060A2-AAFD-444A-8CB6-DA3D188654D6}.Debug|Win32.Build.0 = Debug|Win32
		{DE5060A2-AAFD-444A-8CB6-DA3D188654D6}.Debug|x64.ActiveCfg = Debug|x64
		{DE5060A2-AAFD-444A-8CB6-DA3D188654D6}.Debug|x64.Build.0 = Debug|x64
		{DE5060A2-AAFD-444A-8CB6-DA3D188654D6}.Release|Win32.ActiveCfg = Release|Win32
		{DE5060A2-AAFD-444A-8CB6-DA3D188654D6}.Release|Win32.Build.0 = Release|Win32
		{DE5060A2-AAFD-444A-8CB6-DA3D188654D6}.Release|x64.ActiveCfg = Release|x64
		{DE5060A2-AAFD-444A-8CB6-DA3D188654D6}.Release|x64.Build.0 = Release|x64
		{03D4E664-9BB3-443C-808C-C511D16D8EFE}.Debug|Win32.ActiveCfg = Debug|Win32
		{03D4E664-9BB3-443C-808C-C511D16D8EFE}.Debug|Win32.Build.0 = Debug|Win32
		{03D4E664-9BB3-443C-808C-C511D16D8EFE}.Debug|x64.ActiveCfg = Debug|x64
		{03D4E664-9BB3-443C-808C-C511D16D8EFE}.Debug|x64.Build.0 = Debug|x64
		{03D4E664-9BB3-443C-808C-C511D16D8EFE}.Release|Win32.ActiveCfg = Release|Win32
		{03D4E664-9BB3-443C-808C-C511D16D8EFE}.Release|Win32.Build.0 = Release|Win32
		{03D4E664-9BB3-443C-808C-C511D16D8EFE}.Release|x64.ActiveCfg = Release|x64
		{03D4E664-9BB3-443C-808C-C511D16D8EFE}.Release|x64.Build.0 = Release|x64
		{E36D8CF4-AC70-43C4-913A-AC4BFC4329B4}.Debug|Win32.ActiveCfg = Debug|Win32
		{E36D8CF4-AC70-43C4-913A-AC4BFC4329B4}.Debug|Win32.Build.0 = Debug|Win32
		{E36D8CF4-AC70-43C4-913A-AC4BFC4329B4}.Debug|x64.ActiveCfg = Debug|x64
		{E36D8CF4-AC70-43C4-913A-AC4BFC4329B4}.Debug|x64.Build.0 = Debug|x64
		{E36D8CF4-AC70-43C4-913A-AC4BFC4329B4}.Release|Win32.ActiveCfg = Release|Win32
		{E36D8CF4-AC70-43C4-913A-AC4BFC4329B4}.Release|Win32.Build.0 = Release|Win32
		{E36D8CF4-AC70-43C4-913A-AC4BFC4329B4}.Release|x64.ActiveCfg = Release|x64
		{E36D8CF4-AC70-43C4-913A-AC4BFC4329B4}.Release|x64.Build.0 = Release|x64
		{A3F11FF8-F18A-4FC4-AABA-C4F230FF289E}.Debug|Win32.ActiveCfg = Debug|Win32
		{A3F11FF8-F18A-4FC4-AABA-C4F230FF289E}.Debug|Win32.Build.0 = Debug|Win32
		{A3F11FF8-F18A-4FC4-AABA-C4F230FF289E}.Debug|x64.ActiveCfg = Debug|x64
		{A3F11FF8-F18A-4FC4-AABA-C4F230FF289E}.Debug|x64.Build.0 = Debug|x64
		{A3F11FF8-F18A-4FC4-AABA-C4F230FF289E}.Release|Win32.ActiveCfg = Release|Win32
		{A3F11FF8-F18A-4FC4-AABA-C4F230FF289E}.Release|Win32.Build.0 = Release|Win32
		{A3F11FF8-F18A-4FC4-AABA-C4F230FF289E}.Release|x64.ActiveCfg = Release|x64
		{A3F11FF8-F18A-4FC4-AABA-C4F230FF289E}.Release|x64.Build.0 = Release|x64
		{B9D7EA2E-9AE7-4DA5-859E-CB978F8FF5BA}.Debug|Win32.ActiveCfg = Debug|Win32
		{B9D7EA2E-9AE7-4DA5-859E-CB978F8FF5BA}.Debug|Win32.Build.0 = Debug|Win32
		{B9D7EA2E-9AE7-4DA5-859E-CB978F8FF5BA}.Debug|x64.ActiveCfg = Debug|x64
		{B9D7EA2E-9AE7-4DA5-859E-CB978F8FF5BA}.Debug|x64.Build.0 = Debug|x64
		{B9D7EA2E-9AE7-4DA5-859E-CB978F8FF5BA}.Release|Win32.ActiveCfg = Release|Win32
		{B9D7EA2E-9AE7-4DA5-859E-CB978F8FF5BA}.Release|Win32.Build.0 = Release|Win32
		{B9D7EA2E-9AE7-4DA5-859E-CB978F8FF5BA}.Release|x64.ActiveCfg = Release|x64
		{B9D7EA2E-9AE7-4DA5-859E-CB978F8FF5BA}.Release|x64.Build.0 = Release|x64
		{DDCD58AA-E0D6-40DD-B6C3-09AB07F46486}.Debug|Win32.ActiveCfg = Debug|Win32
		{DDCD58AA-E0D6-40DD-B6C3-09AB07F46486}.Debug|Win32.Build.0 = Debug|Win32
		{DDCD58AA-E0D6-40DD-B6C3-09AB07F46486}.Debug|x64.ActiveCfg = Debug|x64
		{DDCD58AA-E0D6-40DD-B6C3-09AB07F46486}.Debug|x64.Build.0 = Debug|x64
		{DDCD58AA-E0D6-40DD-B6C3-09AB07F46486}.Release|Win32.ActiveCfg = Release|Win32
		{DDCD58AA-E0D6-40DD-B6C3-09AB07F46486}.Release|Win32.Build.0 = Release|Win32
		{DDCD58AA-E0D6-40DD-B6C3-09AB07F46486}.Release|x64.ActiveCfg = Release|x64
		{DDCD58AA-E0D6-40DD-B6C3-09AB07F46486}.Release|x64.Build.0 = Release|x64
		{943C0DB8-3039-4C95-AED3-5D5BEA8C576D}.Debug|Win32.ActiveCfg = Debug|Win32
		{943C0DB8-3039-4C95-AED3-5D5BEA8C576D}.Debug|Win32.Build.0 = Debug|Win32
		{943C0DB8-3039-4C95-AED3-5D5BEA8C576D}.Debug|x64.ActiveCfg = Debug|x64
		{943C0DB8-3039-4C95-AED3-5D5BEA8C576D}.Debug|x64.Build.0 = Debug|x64
		{943C0DB8-3039-4C95-AED3-5D5BEA8C576D}.Release|Win32.ActiveCfg = Release|Win32
		{943C0DB8-3039-4C95-AED3-5D5BEA8C576D}.Release|Win32.Build.0 = Release|Win32
		{943C0DB8-3039-4C95-AED3-5D5BEA8C576D}.Release|x64.ActiveCfg = Release|x64
		{943C0DB8-3039-4C95-AED3-5D5BEA8C576D}.Release|x64.Build.0 = Release|x64
		{9372D737-FEEE-48FF-9C67-EE7DCA1F2E4D}.Debug|Win32.ActiveCfg = Debug|Win32
		{9372D737-FEEE-48FF-9C67-EE7DCA1F2E4D}.Debug|Win32.Build.0 = Debug|Win32
		{9372D737-FEEE-48FF-9C67-EE7DCA1F2E4D}.Debug|x64.ActiveCfg = Debug|x64
		{9372D737-FEEE-48FF-9C67-EE7DCA1F2E4D}.Debug|x64.Build.0 = Debug|x64
		{9372D737-FEEE-48FF-9C67-EE7DCA1F2E4D}.Release|Win32.ActiveCfg = Release|Win32
		{9372D737-FEEE-48FF-9C67-EE7DCA1F2E4D}.Release|Win32.Build.0 = Release|Win32
		{9372D737-FEEE-48FF-9C67-EE7DCA1F2E4D}.Release|x64.ActiveCfg = Release|x64
		{9372D737-FEEE-48FF-9C67-EE7DCA1F2E4D}.Release|x64.Build.0 = Release|x64
		{51B341A1-DF7E-45D1-8BA0-BE077E742F33}.Debug|Win32.ActiveCfg = Debug|Win32
		{51B341A1-DF7E-45D1-8BA0-BE077E742F33}.Debug|Win32.Build.0 = Debug|Win32
		{51B341A1-DF7E-45D1-8BA0-BE077E742F33}.Debug|x64.ActiveCfg = Debug|x64
		{51B341A1-DF7E-45D1-8BA0-BE077E742F33}.Debug|x64.Build.0 = Debug|x64
		{51B341A1-DF7E-45D1-8BA0-BE077E742F33}.Release|Win32.ActiveCfg = Release|Win32
		{51B341A1-DF7E-45D1-8BA0-BE077E742F33}.Release|Win32.Build.0 = Release|Win32
		{51B341A1-DF7E-45D1-8BA0-BE077E742F33}.Release|x64.ActiveCfg = Release|x64
		{51B341A1-DF7E-45D1-8BA0-BE077E742F33}.Release|x64.Build.0 = Release|x64
		{427CFB06-08EC-44C5-A305-B427FDD93DC7}.Debug|Win32.ActiveCfg = Debug|Win32
		{427CFB06-08EC-44C5-A305-B427FDD93DC7}.Debug|Win32.Build.0 = Debug|Win32
		{427CFB06-08EC-44C5-A305-B427FDD93DC7}.Debug|x64.ActiveCfg = Debug|x64
		{427CFB06-08EC-44C5-A305-B427FDD93DC7}.Debug|x64.Build.0 = Debug|x64
		{427CFB06-08EC-44C5-A305-B427FDD93DC7}.Release|Win32.ActiveCfg = Release|Win32
		{427CFB06-08EC-44C5-A305-B427FDD93DC7}.Release|Win32.Build.0 = Release|Win32
		{427CFB06-08EC-44C5-A305-B427FDD93DC7}.Release|x64.ActiveCfg = Release|x64
		{427CFB06-08EC-44C5-A305-B427FDD93DC7}.Release|x64.Build.0 = Release|x64
		{8DED8FE0-A315-4666-98C3-788D08FB86AA}.Debug|Win32.ActiveCfg = Debug|Win32
		{8DED8FE0-A315-4666-98C3-788D08FB86AA}.Debug|Win32.Build.0 = Debug|Win32
		{8DED8FE0-A315-4666-98C3-788D08FB86AA}.Debug|x64.ActiveCfg = Debug|x64
		{8DED8FE0-A315-4666-98C3-788D08FB86AA}.Debug|x64.Build.0 = Debug|x64
		{8DED8FE0-A315-4666-98C3-788D08FB86AA}.Release|Win32.ActiveCfg = Release|Win32
		{8DED8FE0-A315-4666-98C3-788D08FB86AA}.Release|Win32.Build.0 = Release|Win32
		{8DED8FE0-A315-4666-98C3-788D08FB86AA}.Release|x64.ActiveCfg = Release|x64
		{8DED8FE0-A315-4666-98C3-788D08FB86AA}.Release|x64.Build.0 = Release|x64
		{0382813D-4ECD-4B55-ADDB-C45CE28368BD}.Debug|Win32.ActiveCfg = Debug|Win32
		{0382813D-4ECD-4B55-ADDB-C45CE28368BD}.Debug|Win32.Build.0 = Debug|Win32
		{0382813D-4ECD-4B55-ADDB-C45CE28368BD}.Debug|x64.ActiveCfg = Debug|x64
		{0382813D-4ECD-4B55-ADDB-C45CE28368BD}.Debug|x64.Build.0 = Debug|x64
		{0382813D-4ECD-4B55-ADDB-C45CE28368BD}.Release|Win32.ActiveCfg = Release|Win32
		{0382813D-4ECD-4B55-ADDB-C45CE28368BD}.Release|Win32.Build.0 = Release|Win32
		{0382813D-4ECD-4B55-ADDB-C45CE28368BD}.Release|x64.ActiveCfg = Release|x64
		{0382813D-4ECD-4B55-ADDB-C45CE28368BD}.Release|x64.Build.0 = Release|x64
		{138B4E64-75D5-44E1-AED4-AAF3562E3B7E}.Debug|Win32.ActiveCfg = Debug|Win32
		{138B4E64-75D5-44E1-AED4-AAF3562E3B7E}.Debug|Win32.Build.0 = Debug|Win32
		{138B4E64-75D5-44E1-AED4-AAF3562E3B7E}.Debug|x64.ActiveCfg = Debug|x64
		{138B4E64-75D5-44E1-AED4-AAF3562E3B7E}.Debug|x64.Build.0 = Debug|x64
		{138B4E64-75D5-44E1-AED4-AAF3562E3B7E}.Release|Win32.ActiveCfg = Release|Win32
		{138B4E64-75D5-44E1-AED4-AAF3562E3B7E}.Release|Win32.Build.0 = Release|Win32
		{138B4E64-75D5-44E1-AED4-AAF3562E3B7E}.Release|x64.ActiveCfg = Release|x64
		{138B4E64-75D5-44E1-AED4-AAF3562E3B7E}.Release|x64.Build.0 = Release|x64
		{CE9F9489-748F-4E1F-BEC2-CCE6B298536A}.Debug|Win32.ActiveCfg = Debug|Win32
		{CE9F9489-748F-4E1F-BEC2-CCE6B298536A}.Debug|Win32.Build.0 = Debug|Win32
		{CE9F9489-748F-4E1F-BEC2-CCE6B298536A}.Debug|x64.ActiveCfg = Debug|x64
		{CE9F9489-748F-4E1F-BEC2-CCE6B298536A}.Debug|x64.Build.0 = Debug|x64
		{CE9F9489-748F-4E1F-BEC2-CCE6B298536A}.Release|Win32.ActiveCfg = Release|Win32
		{CE9F9489-748F-4E1F-BEC2-CCE6B298536A}.Release|Win32.Build.0 = Release|Win32
		{CE9F9489-748F-4E1F-BEC2-CCE6B298536A}.Release|x64.ActiveCfg = Release|x64
		{CE9F9489-748F-4E1F-BEC2-CCE6B298536A}.Release|x64.Build.0 = Release|x64
		{01ABD0DC-03FC-46D7-92B0-EF02E71B7C39}.Debug|Win32.ActiveCfg = Debug|Win32
		{01ABD0DC-03FC-46D7-92B0-EF02E71B7C39}.Debug|Win32.Build.0 = Debug|Win32
		{01ABD0DC-03FC-46D7-92B0-EF02E71B7C39}.Debug|x64.ActiveCfg = Debug|x64
		{01ABD0DC-03FC-46D7-92B0-EF02E71B7C39}.Debug|x64.Build.0 = Debug|x64
		{01ABD0DC-03FC-46D7-92B0-EF02E71B7C39}.Release|Win32.ActiveCfg = Release|Win32
		{01ABD0DC-03FC-46D7-92B0-EF02E71B7C39}.Release|Win32.Build.0 = Release|Win32
		{01ABD0DC-03FC-46D7-92B0-EF02E71B7C39}.Release|x64.ActiveCfg = Release|x64
		{01ABD0DC-03FC-46D7-92B0-EF02E71B7C39}.Release|x64.Build.0 = Release|x64
		{1CBCC7CA-71E8-465F-AB84-230E9C796FBD}.Debug|Win32.ActiveCfg = Debug|Win32
		{1CBCC7CA-71E8-465F-AB84-230E9C796FBD}.Debug|Win32.Build.0 = Debug|Win32
		{1CBCC7CA-71E8-465F-AB84-230E9C796FBD}.Debug|x64.ActiveCfg = Debug|x64
		{1CBCC7CA-71E8-465F-AB84-230E9C796FBD}.Debug|x64.Build.0 = Debug|x64
		{1CBCC7CA-71E8-465F-AB84-230E9C796FBD}.Release|Win32.ActiveCfg = Release|Win32
		{1CBCC7CA-71E8-465F-AB84-230E9C796FBD}.Release|Win32.Build.0 = Release|Win32
		{1CBCC7CA-71E8-465F-AB84-230E9C796FBD}.Release|x64.ActiveCfg = Release|x64
		{1CBCC7CA-71E8-465F-AB84-230E9C796FBD}.Release|x64.Build.0 = Release|x64
		{3E705EEC-BDAA-4FA9-B932-E1C0A01A4E9C}.Debug|Win32.ActiveCfg = Debug|Win32
		{3E705EEC-BDAA-4FA9-B932-E1C0A01A4E9C}.Debug|Win32.Build.0 = Debug|Win32
		{3E705EEC-BDAA-4FA9-B932-E1C0A01A4E9C}.Debug|x64.ActiveCfg = Debug|x64
		{3E705EEC-BDAA-4FA9-B932-E1C0A01A4E9C}.Debug|x64.Build.0 = Debug|x64
		{3E705EEC-BDAA-4FA9-B932-E1C0A01A4E9C}.Release|Win32.ActiveCfg = Release|Win32
		{3E705EEC-BDAA-4FA9-B932-E1C0A01A4E9C}.Release|Win32.Build.0 = Release|Win32
		{3E705EEC-BDAA-4FA9-B932-E1C0A01A4E9C}.Release|x64.ActiveCfg = Release|x64
		{3E705EEC-BDAA-4FA9-B932-E1C0A01A4E9C}.Release|x64.Build.0 = Release|x64
	EndGlobalSection
	GlobalSection(SolutionProperties) = preSolution
		HideSolutionNode = FALSE
	EndGlobalSection
EndGlobal
