// !$*UTF8*$!
{
	archiveVersion = 1;
	classes = {
	};
	objectVersion = 42;
	objects = {

/* Begin PBXBuildFile section */
		0F355ABB0945C48A00B134F6 /* MaxAudioAPI.framework in Frameworks */ = {isa = PBXBuildFile; fileRef = 0F355ABA0945C48A00B134F6 /* MaxAudioAPI.framework */; };
		0F5B62030919440900A62EB9 /* MaxAPI.framework in Frameworks */ = {isa = PBXBuildFile; fileRef = 0F5B62020919440900A62EB9 /* MaxAPI.framework */; };
		8D01CCCE0486CAD60068D4B7 /* Carbon.framework in Frameworks */ = {isa = PBXBuildFile; fileRef = 08EA7FFBFE8413EDC02AAC07 /* Carbon.framework */; };
		C1C01E260A9004EA001717A9 /* Stk.cpp in Sources */ = {isa = PBXBuildFile; fileRef = C1C01E250A9004EA001717A9 /* Stk.cpp */; };
		C1C01E630A9005A2001717A9 /* blow_botl~.cpp in Sources */ = {isa = PBXBuildFile; fileRef = C1C01E620A9005A2001717A9 /* blow_botl~.cpp */; };
		C1C01E650A9005AB001717A9 /* blow_botl~.rsrc in Rez */ = {isa = PBXBuildFile; fileRef = C1C01E640A9005AB001717A9 /* blow_botl~.rsrc */; };
		C1C01E670A9005B5001717A9 /* BlowBotl.cpp in Sources */ = {isa = PBXBuildFile; fileRef = C1C01E660A9005B5001717A9 /* BlowBotl.cpp */; };
		C1C01E7C0A90062B001717A9 /* ADSR.cpp in Sources */ = {isa = PBXBuildFile; fileRef = C1C01E750A90062B001717A9 /* ADSR.cpp */; };
		C1C01E7D0A90062B001717A9 /* BiQuad.cpp in Sources */ = {isa = PBXBuildFile; fileRef = C1C01E760A90062B001717A9 /* BiQuad.cpp */; };
		C1C01E7E0A90062B001717A9 /* Instrmnt.cpp in Sources */ = {isa = PBXBuildFile; fileRef = C1C01E770A90062B001717A9 /* Instrmnt.cpp */; };
		C1C01E7F0A90062B001717A9 /* JetTable.cpp in Sources */ = {isa = PBXBuildFile; fileRef = C1C01E780A90062B001717A9 /* JetTable.cpp */; };
		C1C01E800A90062B001717A9 /* Noise.cpp in Sources */ = {isa = PBXBuildFile; fileRef = C1C01E790A90062B001717A9 /* Noise.cpp */; };
		C1C01E810A90062B001717A9 /* PoleZero.cpp in Sources */ = {isa = PBXBuildFile; fileRef = C1C01E7A0A90062B001717A9 /* PoleZero.cpp */; };
		C1C01E820A90062B001717A9 /* WaveLoop.cpp in Sources */ = {isa = PBXBuildFile; fileRef = C1C01E7B0A90062B001717A9 /* WaveLoop.cpp */; };
		C1C01E880A900653001717A9 /* Envelope.cpp in Sources */ = {isa = PBXBuildFile; fileRef = C1C01E840A900653001717A9 /* Envelope.cpp */; };
		C1C01E890A900653001717A9 /* Filter.cpp in Sources */ = {isa = PBXBuildFile; fileRef = C1C01E850A900653001717A9 /* Filter.cpp */; };
		C1C01E8A0A900653001717A9 /* Function.cpp in Sources */ = {isa = PBXBuildFile; fileRef = C1C01E860A900653001717A9 /* Function.cpp */; };
		C1C01E8B0A900653001717A9 /* Generator.cpp in Sources */ = {isa = PBXBuildFile; fileRef = C1C01E870A900653001717A9 /* Generator.cpp */; };
		C1C01E8D0A90065D001717A9 /* WvIn.cpp in Sources */ = {isa = PBXBuildFile; fileRef = C1C01E8C0A90065D001717A9 /* WvIn.cpp */; };
/* End PBXBuildFile section */

/* Begin PBXFileReference section */
		08EA7FFBFE8413EDC02AAC07 /* Carbon.framework */ = {isa = PBXFileReference; lastKnownFileType = wrapper.framework; name = Carbon.framework; path = /System/Library/Frameworks/Carbon.framework; sourceTree = "<absolute>"; };
		0F355ABA0945C48A00B134F6 /* MaxAudioAPI.framework */ = {isa = PBXFileReference; lastKnownFileType = wrapper.framework; name = MaxAudioAPI.framework; path = /Library/Frameworks/MaxAudioAPI.framework; sourceTree = "<absolute>"; };
		0F5B62020919440900A62EB9 /* MaxAPI.framework */ = {isa = PBXFileReference; lastKnownFileType = wrapper.framework; name = MaxAPI.framework; path = /Library/Frameworks/MaxAPI.framework; sourceTree = "<absolute>"; };
		C1C018C10A8FEEC4001717A9 /* blow_botl~.mxo */ = {isa = PBXFileReference; explicitFileType = wrapper.cfbundle; includeInIndex = 0; path = "blow_botl~.mxo"; sourceTree = BUILT_PRODUCTS_DIR; };
		C1C01E250A9004EA001717A9 /* Stk.cpp */ = {isa = PBXFileReference; fileEncoding = 30; lastKnownFileType = sourcecode.cpp.cpp; name = Stk.cpp; path = ../../c74support/PeRColate_includes/src/Stk.cpp; sourceTree = SOURCE_ROOT; };
		C1C01E620A9005A2001717A9 /* blow_botl~.cpp */ = {isa = PBXFileReference; fileEncoding = 30; lastKnownFileType = sourcecode.cpp.cpp; path = "blow_botl~.cpp"; sourceTree = "<group>"; };
		C1C01E640A9005AB001717A9 /* blow_botl~.rsrc */ = {isa = PBXFileReference; lastKnownFileType = archive.rsrc; path = "blow_botl~.rsrc"; sourceTree = "<group>"; };
		C1C01E660A9005B5001717A9 /* BlowBotl.cpp */ = {isa = PBXFileReference; fileEncoding = 30; lastKnownFileType = sourcecode.cpp.cpp; name = BlowBotl.cpp; path = ../../c74support/PeRColate_includes/src/BlowBotl.cpp; sourceTree = SOURCE_ROOT; };
		C1C01E750A90062B001717A9 /* ADSR.cpp */ = {isa = PBXFileReference; fileEncoding = 30; lastKnownFileType = sourcecode.cpp.cpp; name = ADSR.cpp; path = ../../c74support/PeRColate_includes/src/ADSR.cpp; sourceTree = SOURCE_ROOT; };
		C1C01E760A90062B001717A9 /* BiQuad.cpp */ = {isa = PBXFileReference; fileEncoding = 30; lastKnownFileType = sourcecode.cpp.cpp; name = BiQuad.cpp; path = ../../c74support/PeRColate_includes/src/BiQuad.cpp; sourceTree = SOURCE_ROOT; };
		C1C01E770A90062B001717A9 /* Instrmnt.cpp */ = {isa = PBXFileReference; fileEncoding = 30; lastKnownFileType = sourcecode.cpp.cpp; name = Instrmnt.cpp; path = ../../c74support/PeRColate_includes/src/Instrmnt.cpp; sourceTree = SOURCE_ROOT; };
		C1C01E780A90062B001717A9 /* JetTable.cpp */ = {isa = PBXFileReference; fileEncoding = 30; lastKnownFileType = sourcecode.cpp.cpp; name = JetTable.cpp; path = ../../c74support/PeRColate_includes/src/JetTable.cpp; sourceTree = SOURCE_ROOT; };
		C1C01E790A90062B001717A9 /* Noise.cpp */ = {isa = PBXFileReference; fileEncoding = 30; lastKnownFileType = sourcecode.cpp.cpp; name = Noise.cpp; path = ../../c74support/PeRColate_includes/src/Noise.cpp; sourceTree = SOURCE_ROOT; };
		C1C01E7A0A90062B001717A9 /* PoleZero.cpp */ = {isa = PBXFileReference; fileEncoding = 30; lastKnownFileType = sourcecode.cpp.cpp; name = PoleZero.cpp; path = ../../c74support/PeRColate_includes/src/PoleZero.cpp; sourceTree = SOURCE_ROOT; };
		C1C01E7B0A90062B001717A9 /* WaveLoop.cpp */ = {isa = PBXFileReference; fileEncoding = 30; lastKnownFileType = sourcecode.cpp.cpp; name = WaveLoop.cpp; path = ../../c74support/PeRColate_includes/src/WaveLoop.cpp; sourceTree = SOURCE_ROOT; };
		C1C01E840A900653001717A9 /* Envelope.cpp */ = {isa = PBXFileReference; fileEncoding = 30; lastKnownFileType = sourcecode.cpp.cpp; name = Envelope.cpp; path = ../../c74support/PeRColate_includes/src/Envelope.cpp; sourceTree = SOURCE_ROOT; };
		C1C01E850A900653001717A9 /* Filter.cpp */ = {isa = PBXFileReference; fileEncoding = 30; lastKnownFileType = sourcecode.cpp.cpp; name = Filter.cpp; path = ../../c74support/PeRColate_includes/src/Filter.cpp; sourceTree = SOURCE_ROOT; };
		C1C01E860A900653001717A9 /* Function.cpp */ = {isa = PBXFileReference; fileEncoding = 30; lastKnownFileType = sourcecode.cpp.cpp; name = Function.cpp; path = ../../c74support/PeRColate_includes/src/Function.cpp; sourceTree = SOURCE_ROOT; };
		C1C01E870A900653001717A9 /* Generator.cpp */ = {isa = PBXFileReference; fileEncoding = 30; lastKnownFileType = sourcecode.cpp.cpp; name = Generator.cpp; path = ../../c74support/PeRColate_includes/src/Generator.cpp; sourceTree = SOURCE_ROOT; };
		C1C01E8C0A90065D001717A9 /* WvIn.cpp */ = {isa = PBXFileReference; fileEncoding = 30; lastKnownFileType = sourcecode.cpp.cpp; name = WvIn.cpp; path = ../../c74support/PeRColate_includes/src/WvIn.cpp; sourceTree = SOURCE_ROOT; };
/* End PBXFileReference section */

/* Begin PBXFrameworksBuildPhase section */
		8D01CCCD0486CAD60068D4B7 /* Frameworks */ = {
			isa = PBXFrameworksBuildPhase;
			buildActionMask = 2147483647;
			files = (
				8D01CCCE0486CAD60068D4B7 /* Carbon.framework in Frameworks */,
				0F5B62030919440900A62EB9 /* MaxAPI.framework in Frameworks */,
				0F355ABB0945C48A00B134F6 /* MaxAudioAPI.framework in Frameworks */,
			);
			runOnlyForDeploymentPostprocessing = 0;
		};
/* End PBXFrameworksBuildPhase section */

/* Begin PBXGroup section */
		089C166AFE841209C02AAC07 /* cycle~ */ = {
			isa = PBXGroup;
			children = (
				08FB77ADFE841716C02AAC07 /* Source */,
				089C167CFE841241C02AAC07 /* Resources */,
				089C1671FE841209C02AAC07 /* External Frameworks and Libraries */,
				19C28FB4FE9D528D11CA2CBB /* Products */,
			);
			name = "cycle~";
			sourceTree = "<group>";
		};
		089C1671FE841209C02AAC07 /* External Frameworks and Libraries */ = {
			isa = PBXGroup;
			children = (
				0F355ABA0945C48A00B134F6 /* MaxAudioAPI.framework */,
				0F5B62020919440900A62EB9 /* MaxAPI.framework */,
				08EA7FFBFE8413EDC02AAC07 /* Carbon.framework */,
			);
			name = "External Frameworks and Libraries";
			sourceTree = "<group>";
		};
		089C167CFE841241C02AAC07 /* Resources */ = {
			isa = PBXGroup;
			children = (
				C1C01E640A9005AB001717A9 /* blow_botl~.rsrc */,
			);
			name = Resources;
			sourceTree = "<group>";
		};
		08FB77ADFE841716C02AAC07 /* Source */ = {
			isa = PBXGroup;
			children = (
				C1C01E620A9005A2001717A9 /* blow_botl~.cpp */,
				C1C01E660A9005B5001717A9 /* BlowBotl.cpp */,
				C1C01E250A9004EA001717A9 /* Stk.cpp */,
				C1C01E750A90062B001717A9 /* ADSR.cpp */,
				C1C01E760A90062B001717A9 /* BiQuad.cpp */,
				C1C01E770A90062B001717A9 /* Instrmnt.cpp */,
				C1C01E780A90062B001717A9 /* JetTable.cpp */,
				C1C01E790A90062B001717A9 /* Noise.cpp */,
				C1C01E7A0A90062B001717A9 /* PoleZero.cpp */,
				C1C01E7B0A90062B001717A9 /* WaveLoop.cpp */,
				C1C01E840A900653001717A9 /* Envelope.cpp */,
				C1C01E850A900653001717A9 /* Filter.cpp */,
				C1C01E860A900653001717A9 /* Function.cpp */,
				C1C01E870A900653001717A9 /* Generator.cpp */,
				C1C01E8C0A90065D001717A9 /* WvIn.cpp */,
			);
			name = Source;
			sourceTree = "<group>";
		};
		19C28FB4FE9D528D11CA2CBB /* Products */ = {
			isa = PBXGroup;
			children = (
				C1C018C10A8FEEC4001717A9 /* blow_botl~.mxo */,
			);
			name = Products;
			sourceTree = "<group>";
		};
/* End PBXGroup section */

/* Begin PBXHeadersBuildPhase section */
		8D01CCC70486CAD60068D4B7 /* Headers */ = {
			isa = PBXHeadersBuildPhase;
			buildActionMask = 2147483647;
			files = (
			);
			runOnlyForDeploymentPostprocessing = 0;
		};
/* End PBXHeadersBuildPhase section */

/* Begin PBXNativeTarget section */
		8D01CCC60486CAD60068D4B7 /* blow_botl~ */ = {
			isa = PBXNativeTarget;
			buildConfigurationList = 0FFBBDBD097459CD00D78707 /* Build configuration list for PBXNativeTarget "blow_botl~" */;
			buildPhases = (
				8D01CCC70486CAD60068D4B7 /* Headers */,
				8D01CCC90486CAD60068D4B7 /* Resources */,
				8D01CCCB0486CAD60068D4B7 /* Sources */,
				8D01CCCD0486CAD60068D4B7 /* Frameworks */,
				8D01CCCF0486CAD60068D4B7 /* Rez */,
			);
			buildRules = (
			);
			dependencies = (
			);
			name = "blow_botl~";
			productInstallPath = "$(HOME)/Library/Bundles";
			productName = "cycle~";
			productReference = C1C018C10A8FEEC4001717A9 /* blow_botl~.mxo */;
			productType = "com.apple.product-type.bundle";
		};
/* End PBXNativeTarget section */

/* Begin PBXProject section */
		089C1669FE841209C02AAC07 /* Project object */ = {
			isa = PBXProject;
			buildConfigurationList = 0FFBBDC1097459CD00D78707 /* Build configuration list for PBXProject "blow_botl~" */;
			hasScannedForEncodings = 1;
			mainGroup = 089C166AFE841209C02AAC07 /* cycle~ */;
			projectDirPath = "";
			targets = (
				8D01CCC60486CAD60068D4B7 /* blow_botl~ */,
			);
		};
/* End PBXProject section */

/* Begin PBXResourcesBuildPhase section */
		8D01CCC90486CAD60068D4B7 /* Resources */ = {
			isa = PBXResourcesBuildPhase;
			buildActionMask = 2147483647;
			files = (
			);
			runOnlyForDeploymentPostprocessing = 0;
		};
/* End PBXResourcesBuildPhase section */

/* Begin PBXRezBuildPhase section */
		8D01CCCF0486CAD60068D4B7 /* Rez */ = {
			isa = PBXRezBuildPhase;
			buildActionMask = 2147483647;
			files = (
				C1C01E650A9005AB001717A9 /* blow_botl~.rsrc in Rez */,
			);
			runOnlyForDeploymentPostprocessing = 0;
		};
/* End PBXRezBuildPhase section */

/* Begin PBXSourcesBuildPhase section */
		8D01CCCB0486CAD60068D4B7 /* Sources */ = {
			isa = PBXSourcesBuildPhase;
			buildActionMask = 2147483647;
			files = (
				C1C01E260A9004EA001717A9 /* Stk.cpp in Sources */,
				C1C01E630A9005A2001717A9 /* blow_botl~.cpp in Sources */,
				C1C01E670A9005B5001717A9 /* BlowBotl.cpp in Sources */,
				C1C01E7C0A90062B001717A9 /* ADSR.cpp in Sources */,
				C1C01E7D0A90062B001717A9 /* BiQuad.cpp in Sources */,
				C1C01E7E0A90062B001717A9 /* Instrmnt.cpp in Sources */,
				C1C01E7F0A90062B001717A9 /* JetTable.cpp in Sources */,
				C1C01E800A90062B001717A9 /* Noise.cpp in Sources */,
				C1C01E810A90062B001717A9 /* PoleZero.cpp in Sources */,
				C1C01E820A90062B001717A9 /* WaveLoop.cpp in Sources */,
				C1C01E880A900653001717A9 /* Envelope.cpp in Sources */,
				C1C01E890A900653001717A9 /* Filter.cpp in Sources */,
				C1C01E8A0A900653001717A9 /* Function.cpp in Sources */,
				C1C01E8B0A900653001717A9 /* Generator.cpp in Sources */,
				C1C01E8D0A90065D001717A9 /* WvIn.cpp in Sources */,
			);
			runOnlyForDeploymentPostprocessing = 0;
		};
/* End PBXSourcesBuildPhase section */

/* Begin XCBuildConfiguration section */
		0FFBBDBE097459CD00D78707 /* Development */ = {
			isa = XCBuildConfiguration;
			buildSettings = {
				COPY_PHASE_STRIP = NO;
				DEBUGGING_SYMBOLS = YES;
				DEPLOYMENT_LOCATION = YES;
				DSTROOT = "$(PROJECT_DIR)";
				FRAMEWORK_SEARCH_PATHS = /Library/Frameworks;
				GCC_DYNAMIC_NO_PIC = NO;
				GCC_ENABLE_FIX_AND_CONTINUE = YES;
				GCC_ENABLE_TRIGRAPHS = NO;
				GCC_GENERATE_DEBUGGING_SYMBOLS = YES;
				GCC_OPTIMIZATION_LEVEL = 0;
				GCC_PRECOMPILE_PREFIX_HEADER = YES;
				GCC_PREFIX_HEADER = "../../c74support/max-includes/macho-prefix.h";
				GCC_WARN_ABOUT_MISSING_PROTOTYPES = NO;
				GCC_WARN_FOUR_CHARACTER_CONSTANTS = NO;
				GCC_WARN_UNKNOWN_PRAGMAS = NO;
				GENERATE_PKGINFO_FILE = YES;
				HEADER_SEARCH_PATHS = (
					"../../c74support/max-includes",
					"../../c74support/msp-includes",
					../../c74support/PeRColate_includes,
				);
				INFOPLIST_FILE = Info.plist;
				INSTALL_PATH = "/../../../sysbuild/$(CONFIGURATION)/Cycling '74/externals";
				LIBRARY_SEARCH_PATHS = "";
				LIBRARY_STYLE = Bundle;
				OPTIMIZATION_CFLAGS = "-O0";
				OTHER_CFLAGS = "";
				OTHER_LDFLAGS = "";
				OTHER_REZFLAGS = "";
				PRODUCT_NAME = "blow_botl~";
				SDKROOT = /Developer/SDKs/MacOSX10.4u.sdk;
				SECTORDER_FLAGS = "";
				WARNING_CFLAGS = (
					"-Wmost",
					"-Wno-four-char-constants",
					"-Wno-unknown-pragmas",
				);
				WRAPPER_EXTENSION = mxo;
				ZERO_LINK = YES;
			};
			name = Development;
		};
		0FFBBDBF097459CD00D78707 /* Deployment */ = {
			isa = XCBuildConfiguration;
			buildSettings = {
				ARCHS = (
					ppc,
					i386,
				);
				COPY_PHASE_STRIP = YES;
				DEPLOYMENT_LOCATION = YES;
				DSTROOT = "$(PROJECT_DIR)";
				FRAMEWORK_SEARCH_PATHS = /Library/Frameworks;
				GCC_ENABLE_FIX_AND_CONTINUE = NO;
				GCC_ENABLE_TRIGRAPHS = NO;
				GCC_GENERATE_DEBUGGING_SYMBOLS = NO;
				GCC_PRECOMPILE_PREFIX_HEADER = YES;
				GCC_PREFIX_HEADER = "../../c74support/max-includes/macho-prefix.h";
				GCC_WARN_ABOUT_MISSING_PROTOTYPES = NO;
				GCC_WARN_FOUR_CHARACTER_CONSTANTS = NO;
				GCC_WARN_UNKNOWN_PRAGMAS = NO;
				GENERATE_PKGINFO_FILE = YES;
				HEADER_SEARCH_PATHS = (
					"../../c74support/max-includes",
					"../../c74support/msp-includes",
					../../c74support/PeRColate_includes,
				);
				INFOPLIST_FILE = Info.plist;
				INSTALL_PATH = "/../../../sysbuild/$(CONFIGURATION)/Cycling '74/externals";
				LIBRARY_SEARCH_PATHS = "";
				LIBRARY_STYLE = Bundle;
				OTHER_CFLAGS = "";
				OTHER_LDFLAGS = "";
				OTHER_REZFLAGS = "";
				PRODUCT_NAME = "blow_botl~";
				SDKROOT = /Developer/SDKs/MacOSX10.4u.sdk;
				SECTORDER_FLAGS = "";
				WARNING_CFLAGS = (
					"-Wmost",
					"-Wno-four-char-constants",
					"-Wno-unknown-pragmas",
				);
				WRAPPER_EXTENSION = mxo;
				ZERO_LINK = NO;
			};
			name = Deployment;
		};
		0FFBBDC0097459CD00D78707 /* Default */ = {
			isa = XCBuildConfiguration;
			buildSettings = {
				DEPLOYMENT_LOCATION = YES;
				DSTROOT = "$(PROJECT_DIR)";
				FRAMEWORK_SEARCH_PATHS = /Library/Frameworks;
				GCC_ENABLE_TRIGRAPHS = NO;
				GCC_GENERATE_DEBUGGING_SYMBOLS = NO;
				GCC_PRECOMPILE_PREFIX_HEADER = YES;
				GCC_PREFIX_HEADER = "../../c74support/max-includes/macho-prefix.h";
				GCC_WARN_ABOUT_MISSING_PROTOTYPES = NO;
				GCC_WARN_FOUR_CHARACTER_CONSTANTS = NO;
				GCC_WARN_UNKNOWN_PRAGMAS = NO;
				GENERATE_PKGINFO_FILE = YES;
				HEADER_SEARCH_PATHS = (
					"../../c74support/max-includes",
					"../../c74support/msp-includes",
					../../c74support/PeRColate_includes,
				);
				INFOPLIST_FILE = Info.plist;
				INSTALL_PATH = "/../../../sysbuild/$(CONFIGURATION)/Cycling '74/externals";
				LIBRARY_SEARCH_PATHS = "";
				LIBRARY_STYLE = Bundle;
				OTHER_CFLAGS = "";
				OTHER_LDFLAGS = "";
				OTHER_REZFLAGS = "";
				PRODUCT_NAME = "blow_botl~";
				SECTORDER_FLAGS = "";
				WARNING_CFLAGS = (
					"-Wmost",
					"-Wno-four-char-constants",
					"-Wno-unknown-pragmas",
				);
				WRAPPER_EXTENSION = mxo;
			};
			name = Default;
		};
		0FFBBDC2097459CD00D78707 /* Development */ = {
			isa = XCBuildConfiguration;
			buildSettings = {
			};
			name = Development;
		};
		0FFBBDC3097459CD00D78707 /* Deployment */ = {
			isa = XCBuildConfiguration;
			buildSettings = {
			};
			name = Deployment;
		};
		0FFBBDC4097459CD00D78707 /* Default */ = {
			isa = XCBuildConfiguration;
			buildSettings = {
			};
			name = Default;
		};
/* End XCBuildConfiguration section */

/* Begin XCConfigurationList section */
		0FFBBDBD097459CD00D78707 /* Build configuration list for PBXNativeTarget "blow_botl~" */ = {
			isa = XCConfigurationList;
			buildConfigurations = (
				0FFBBDBE097459CD00D78707 /* Development */,
				0FFBBDBF097459CD00D78707 /* Deployment */,
				0FFBBDC0097459CD00D78707 /* Default */,
			);
			defaultConfigurationIsVisible = 0;
			defaultConfigurationName = Default;
		};
		0FFBBDC1097459CD00D78707 /* Build configuration list for PBXProject "blow_botl~" */ = {
			isa = XCConfigurationList;
			buildConfigurations = (
				0FFBBDC2097459CD00D78707 /* Development */,
				0FFBBDC3097459CD00D78707 /* Deployment */,
				0FFBBDC4097459CD00D78707 /* Default */,
			);
			defaultConfigurationIsVisible = 0;
			defaultConfigurationName = Default;
		};
/* End XCConfigurationList section */
	};
	rootObject = 089C1669FE841209C02AAC07 /* Project object */;
}
