// !$*UTF8*$!
{
	archiveVersion = 1;
	classes = {
	};
	objectVersion = 46;
	objects = {

/* Begin PBXBuildFile section */
		2248D3031B14FBC50056F8B2 /* maxmspsdk.xcconfig in Resources */ = {isa = PBXBuildFile; fileRef = 2248D3021B14FBC50056F8B2 /* maxmspsdk.xcconfig */; };
		2248D3051B14FBF90056F8B2 /* prc_fm~.cpp in Sources */ = {isa = PBXBuildFile; fileRef = 2248D3041B14FBF90056F8B2 /* prc_fm~.cpp */; };
		2248D3081B14FC350056F8B2 /* MaxAudioAPI.framework in Frameworks */ = {isa = PBXBuildFile; fileRef = 2248D3071B14FC350056F8B2 /* MaxAudioAPI.framework */; };
		2248D30A1B14FC430056F8B2 /* JitterAPI.framework in Frameworks */ = {isa = PBXBuildFile; fileRef = 2248D3091B14FC430056F8B2 /* JitterAPI.framework */; };
		2248D4091B15EDD40056F8B2 /* ADSR.cpp in Sources */ = {isa = PBXBuildFile; fileRef = 2248D3F71B15EDD40056F8B2 /* ADSR.cpp */; };
		2248D40A1B15EDD40056F8B2 /* BeeThree.cpp in Sources */ = {isa = PBXBuildFile; fileRef = 2248D3F81B15EDD40056F8B2 /* BeeThree.cpp */; };
		2248D40B1B15EDD40056F8B2 /* Envelope.cpp in Sources */ = {isa = PBXBuildFile; fileRef = 2248D3F91B15EDD40056F8B2 /* Envelope.cpp */; };
		2248D40C1B15EDD40056F8B2 /* Filter.cpp in Sources */ = {isa = PBXBuildFile; fileRef = 2248D3FA1B15EDD40056F8B2 /* Filter.cpp */; };
		2248D40D1B15EDD40056F8B2 /* FM.cpp in Sources */ = {isa = PBXBuildFile; fileRef = 2248D3FB1B15EDD40056F8B2 /* FM.cpp */; };
		2248D40E1B15EDD40056F8B2 /* FMVoices.cpp in Sources */ = {isa = PBXBuildFile; fileRef = 2248D3FC1B15EDD40056F8B2 /* FMVoices.cpp */; };
		2248D40F1B15EDD40056F8B2 /* Generator.cpp in Sources */ = {isa = PBXBuildFile; fileRef = 2248D3FD1B15EDD40056F8B2 /* Generator.cpp */; };
		2248D4101B15EDD40056F8B2 /* HevyMetl.cpp in Sources */ = {isa = PBXBuildFile; fileRef = 2248D3FE1B15EDD40056F8B2 /* HevyMetl.cpp */; };
		2248D4111B15EDD40056F8B2 /* Instrmnt.cpp in Sources */ = {isa = PBXBuildFile; fileRef = 2248D3FF1B15EDD40056F8B2 /* Instrmnt.cpp */; };
		2248D4121B15EDD40056F8B2 /* PercFlut.cpp in Sources */ = {isa = PBXBuildFile; fileRef = 2248D4001B15EDD40056F8B2 /* PercFlut.cpp */; };
		2248D4131B15EDD40056F8B2 /* Phonemes.cpp in Sources */ = {isa = PBXBuildFile; fileRef = 2248D4011B15EDD40056F8B2 /* Phonemes.cpp */; };
		2248D4141B15EDD40056F8B2 /* Rhodey.cpp in Sources */ = {isa = PBXBuildFile; fileRef = 2248D4021B15EDD40056F8B2 /* Rhodey.cpp */; };
		2248D4151B15EDD40056F8B2 /* Stk.cpp in Sources */ = {isa = PBXBuildFile; fileRef = 2248D4031B15EDD40056F8B2 /* Stk.cpp */; };
		2248D4161B15EDD40056F8B2 /* TubeBell.cpp in Sources */ = {isa = PBXBuildFile; fileRef = 2248D4041B15EDD40056F8B2 /* TubeBell.cpp */; };
		2248D4171B15EDD40056F8B2 /* TwoZero.cpp in Sources */ = {isa = PBXBuildFile; fileRef = 2248D4051B15EDD40056F8B2 /* TwoZero.cpp */; };
		2248D4181B15EDD40056F8B2 /* WaveLoop.cpp in Sources */ = {isa = PBXBuildFile; fileRef = 2248D4061B15EDD40056F8B2 /* WaveLoop.cpp */; };
		2248D4191B15EDD40056F8B2 /* Wurley.cpp in Sources */ = {isa = PBXBuildFile; fileRef = 2248D4071B15EDD40056F8B2 /* Wurley.cpp */; };
		2248D41A1B15EDD40056F8B2 /* WvIn.cpp in Sources */ = {isa = PBXBuildFile; fileRef = 2248D4081B15EDD40056F8B2 /* WvIn.cpp */; };
/* End PBXBuildFile section */

/* Begin PBXFileReference section */
		2248D3021B14FBC50056F8B2 /* maxmspsdk.xcconfig */ = {isa = PBXFileReference; fileEncoding = 4; lastKnownFileType = text.xcconfig; name = maxmspsdk.xcconfig; path = ../../maxsdk/source/maxmspsdk.xcconfig; sourceTree = "<group>"; };
		2248D3041B14FBF90056F8B2 /* prc_fm~.cpp */ = {isa = PBXFileReference; fileEncoding = 4; lastKnownFileType = sourcecode.cpp.cpp; path = "prc_fm~.cpp"; sourceTree = "<group>"; };
		2248D3061B14FC0F0056F8B2 /* Info.plist */ = {isa = PBXFileReference; lastKnownFileType = text.plist.xml; name = Info.plist; path = ../../maxsdk/source/Info.plist; sourceTree = "<group>"; };
		2248D3071B14FC350056F8B2 /* MaxAudioAPI.framework */ = {isa = PBXFileReference; lastKnownFileType = wrapper.framework; name = MaxAudioAPI.framework; path = "../../maxsdk/source/c74support/msp-includes/MaxAudioAPI.framework"; sourceTree = "<group>"; };
		2248D3091B14FC430056F8B2 /* JitterAPI.framework */ = {isa = PBXFileReference; lastKnownFileType = wrapper.framework; name = JitterAPI.framework; path = "../../maxsdk/source/c74support/jit-includes/JitterAPI.framework"; sourceTree = "<group>"; };
		2248D3F71B15EDD40056F8B2 /* ADSR.cpp */ = {isa = PBXFileReference; fileEncoding = 4; lastKnownFileType = sourcecode.cpp.cpp; name = ADSR.cpp; path = ../../include/src/ADSR.cpp; sourceTree = "<group>"; };
		2248D3F81B15EDD40056F8B2 /* BeeThree.cpp */ = {isa = PBXFileReference; fileEncoding = 4; lastKnownFileType = sourcecode.cpp.cpp; name = BeeThree.cpp; path = ../../include/src/BeeThree.cpp; sourceTree = "<group>"; };
		2248D3F91B15EDD40056F8B2 /* Envelope.cpp */ = {isa = PBXFileReference; fileEncoding = 4; lastKnownFileType = sourcecode.cpp.cpp; name = Envelope.cpp; path = ../../include/src/Envelope.cpp; sourceTree = "<group>"; };
		2248D3FA1B15EDD40056F8B2 /* Filter.cpp */ = {isa = PBXFileReference; fileEncoding = 4; lastKnownFileType = sourcecode.cpp.cpp; name = Filter.cpp; path = ../../include/src/Filter.cpp; sourceTree = "<group>"; };
		2248D3FB1B15EDD40056F8B2 /* FM.cpp */ = {isa = PBXFileReference; fileEncoding = 4; lastKnownFileType = sourcecode.cpp.cpp; name = FM.cpp; path = ../../include/src/FM.cpp; sourceTree = "<group>"; };
		2248D3FC1B15EDD40056F8B2 /* FMVoices.cpp */ = {isa = PBXFileReference; fileEncoding = 4; lastKnownFileType = sourcecode.cpp.cpp; name = FMVoices.cpp; path = ../../include/src/FMVoices.cpp; sourceTree = "<group>"; };
		2248D3FD1B15EDD40056F8B2 /* Generator.cpp */ = {isa = PBXFileReference; fileEncoding = 4; lastKnownFileType = sourcecode.cpp.cpp; name = Generator.cpp; path = ../../include/src/Generator.cpp; sourceTree = "<group>"; };
		2248D3FE1B15EDD40056F8B2 /* HevyMetl.cpp */ = {isa = PBXFileReference; fileEncoding = 4; lastKnownFileType = sourcecode.cpp.cpp; name = HevyMetl.cpp; path = ../../include/src/HevyMetl.cpp; sourceTree = "<group>"; };
		2248D3FF1B15EDD40056F8B2 /* Instrmnt.cpp */ = {isa = PBXFileReference; fileEncoding = 4; lastKnownFileType = sourcecode.cpp.cpp; name = Instrmnt.cpp; path = ../../include/src/Instrmnt.cpp; sourceTree = "<group>"; };
		2248D4001B15EDD40056F8B2 /* PercFlut.cpp */ = {isa = PBXFileReference; fileEncoding = 4; lastKnownFileType = sourcecode.cpp.cpp; name = PercFlut.cpp; path = ../../include/src/PercFlut.cpp; sourceTree = "<group>"; };
		2248D4011B15EDD40056F8B2 /* Phonemes.cpp */ = {isa = PBXFileReference; fileEncoding = 4; lastKnownFileType = sourcecode.cpp.cpp; name = Phonemes.cpp; path = ../../include/src/Phonemes.cpp; sourceTree = "<group>"; };
		2248D4021B15EDD40056F8B2 /* Rhodey.cpp */ = {isa = PBXFileReference; fileEncoding = 4; lastKnownFileType = sourcecode.cpp.cpp; name = Rhodey.cpp; path = ../../include/src/Rhodey.cpp; sourceTree = "<group>"; };
		2248D4031B15EDD40056F8B2 /* Stk.cpp */ = {isa = PBXFileReference; fileEncoding = 4; lastKnownFileType = sourcecode.cpp.cpp; name = Stk.cpp; path = ../../include/src/Stk.cpp; sourceTree = "<group>"; };
		2248D4041B15EDD40056F8B2 /* TubeBell.cpp */ = {isa = PBXFileReference; fileEncoding = 4; lastKnownFileType = sourcecode.cpp.cpp; name = TubeBell.cpp; path = ../../include/src/TubeBell.cpp; sourceTree = "<group>"; };
		2248D4051B15EDD40056F8B2 /* TwoZero.cpp */ = {isa = PBXFileReference; fileEncoding = 4; lastKnownFileType = sourcecode.cpp.cpp; name = TwoZero.cpp; path = ../../include/src/TwoZero.cpp; sourceTree = "<group>"; };
		2248D4061B15EDD40056F8B2 /* WaveLoop.cpp */ = {isa = PBXFileReference; fileEncoding = 4; lastKnownFileType = sourcecode.cpp.cpp; name = WaveLoop.cpp; path = ../../include/src/WaveLoop.cpp; sourceTree = "<group>"; };
		2248D4071B15EDD40056F8B2 /* Wurley.cpp */ = {isa = PBXFileReference; fileEncoding = 4; lastKnownFileType = sourcecode.cpp.cpp; name = Wurley.cpp; path = ../../include/src/Wurley.cpp; sourceTree = "<group>"; };
		2248D4081B15EDD40056F8B2 /* WvIn.cpp */ = {isa = PBXFileReference; fileEncoding = 4; lastKnownFileType = sourcecode.cpp.cpp; name = WvIn.cpp; path = ../../include/src/WvIn.cpp; sourceTree = "<group>"; };
		2FBBEAE508F335360078DB84 /* prc_fm~.mxo */ = {isa = PBXFileReference; explicitFileType = wrapper.cfbundle; includeInIndex = 0; path = "prc_fm~.mxo"; sourceTree = BUILT_PRODUCTS_DIR; };
/* End PBXFileReference section */

/* Begin PBXFrameworksBuildPhase section */
		2FBBEADC08F335360078DB84 /* Frameworks */ = {
			isa = PBXFrameworksBuildPhase;
			buildActionMask = 2147483647;
			files = (
				2248D3081B14FC350056F8B2 /* MaxAudioAPI.framework in Frameworks */,
				2248D30A1B14FC430056F8B2 /* JitterAPI.framework in Frameworks */,
			);
			runOnlyForDeploymentPostprocessing = 0;
		};
/* End PBXFrameworksBuildPhase section */

/* Begin PBXGroup section */
		089C166AFE841209C02AAC07 /* iterator */ = {
			isa = PBXGroup;
			children = (
				2248D3021B14FBC50056F8B2 /* maxmspsdk.xcconfig */,
				2248D3061B14FC0F0056F8B2 /* Info.plist */,
				2248D3041B14FBF90056F8B2 /* prc_fm~.cpp */,
				2248D3F71B15EDD40056F8B2 /* ADSR.cpp */,
				2248D3F81B15EDD40056F8B2 /* BeeThree.cpp */,
				2248D3F91B15EDD40056F8B2 /* Envelope.cpp */,
				2248D3FA1B15EDD40056F8B2 /* Filter.cpp */,
				2248D3FB1B15EDD40056F8B2 /* FM.cpp */,
				2248D3FC1B15EDD40056F8B2 /* FMVoices.cpp */,
				2248D3FD1B15EDD40056F8B2 /* Generator.cpp */,
				2248D3FE1B15EDD40056F8B2 /* HevyMetl.cpp */,
				2248D3FF1B15EDD40056F8B2 /* Instrmnt.cpp */,
				2248D4001B15EDD40056F8B2 /* PercFlut.cpp */,
				2248D4011B15EDD40056F8B2 /* Phonemes.cpp */,
				2248D4021B15EDD40056F8B2 /* Rhodey.cpp */,
				2248D4031B15EDD40056F8B2 /* Stk.cpp */,
				2248D4041B15EDD40056F8B2 /* TubeBell.cpp */,
				2248D4051B15EDD40056F8B2 /* TwoZero.cpp */,
				2248D4061B15EDD40056F8B2 /* WaveLoop.cpp */,
				2248D4071B15EDD40056F8B2 /* Wurley.cpp */,
				2248D4081B15EDD40056F8B2 /* WvIn.cpp */,
				2248D3071B14FC350056F8B2 /* MaxAudioAPI.framework */,
				2248D3091B14FC430056F8B2 /* JitterAPI.framework */,
				19C28FB4FE9D528D11CA2CBB /* Products */,
			);
			name = iterator;
			sourceTree = "<group>";
		};
		19C28FB4FE9D528D11CA2CBB /* Products */ = {
			isa = PBXGroup;
			children = (
				2FBBEAE508F335360078DB84 /* prc_fm~.mxo */,
			);
			name = Products;
			sourceTree = "<group>";
		};
/* End PBXGroup section */

/* Begin PBXHeadersBuildPhase section */
		2FBBEAD708F335360078DB84 /* Headers */ = {
			isa = PBXHeadersBuildPhase;
			buildActionMask = 2147483647;
			files = (
			);
			runOnlyForDeploymentPostprocessing = 0;
		};
/* End PBXHeadersBuildPhase section */

/* Begin PBXNativeTarget section */
		2FBBEAD608F335360078DB84 /* max-external */ = {
			isa = PBXNativeTarget;
			buildConfigurationList = 2FBBEAE008F335360078DB84 /* Build configuration list for PBXNativeTarget "max-external" */;
			buildPhases = (
				2FBBEAD708F335360078DB84 /* Headers */,
				2FBBEAD808F335360078DB84 /* Resources */,
				2FBBEADA08F335360078DB84 /* Sources */,
				2FBBEADC08F335360078DB84 /* Frameworks */,
				2FBBEADF08F335360078DB84 /* Rez */,
			);
			buildRules = (
			);
			dependencies = (
			);
			name = "max-external";
			productName = iterator;
			productReference = 2FBBEAE508F335360078DB84 /* prc_fm~.mxo */;
			productType = "com.apple.product-type.bundle";
		};
/* End PBXNativeTarget section */

/* Begin PBXProject section */
		089C1669FE841209C02AAC07 /* Project object */ = {
			isa = PBXProject;
			attributes = {
				LastUpgradeCheck = 0610;
			};
			buildConfigurationList = 2FBBEACF08F335010078DB84 /* Build configuration list for PBXProject "prc_fm~" */;
			compatibilityVersion = "Xcode 3.2";
			developmentRegion = English;
			hasScannedForEncodings = 1;
			knownRegions = (
				en,
			);
			mainGroup = 089C166AFE841209C02AAC07 /* iterator */;
			projectDirPath = "";
			projectRoot = "";
			targets = (
				2FBBEAD608F335360078DB84 /* max-external */,
			);
		};
/* End PBXProject section */

/* Begin PBXResourcesBuildPhase section */
		2FBBEAD808F335360078DB84 /* Resources */ = {
			isa = PBXResourcesBuildPhase;
			buildActionMask = 2147483647;
			files = (
				2248D3031B14FBC50056F8B2 /* maxmspsdk.xcconfig in Resources */,
			);
			runOnlyForDeploymentPostprocessing = 0;
		};
/* End PBXResourcesBuildPhase section */

/* Begin PBXRezBuildPhase section */
		2FBBEADF08F335360078DB84 /* Rez */ = {
			isa = PBXRezBuildPhase;
			buildActionMask = 2147483647;
			files = (
			);
			runOnlyForDeploymentPostprocessing = 0;
		};
/* End PBXRezBuildPhase section */

/* Begin PBXSourcesBuildPhase section */
		2FBBEADA08F335360078DB84 /* Sources */ = {
			isa = PBXSourcesBuildPhase;
			buildActionMask = 2147483647;
			files = (
				2248D4161B15EDD40056F8B2 /* TubeBell.cpp in Sources */,
				2248D40D1B15EDD40056F8B2 /* FM.cpp in Sources */,
				2248D40C1B15EDD40056F8B2 /* Filter.cpp in Sources */,
				2248D4121B15EDD40056F8B2 /* PercFlut.cpp in Sources */,
				2248D40E1B15EDD40056F8B2 /* FMVoices.cpp in Sources */,
				2248D4191B15EDD40056F8B2 /* Wurley.cpp in Sources */,
				2248D4141B15EDD40056F8B2 /* Rhodey.cpp in Sources */,
				2248D4171B15EDD40056F8B2 /* TwoZero.cpp in Sources */,
				2248D4131B15EDD40056F8B2 /* Phonemes.cpp in Sources */,
				2248D4101B15EDD40056F8B2 /* HevyMetl.cpp in Sources */,
				2248D40A1B15EDD40056F8B2 /* BeeThree.cpp in Sources */,
				2248D41A1B15EDD40056F8B2 /* WvIn.cpp in Sources */,
				2248D3051B14FBF90056F8B2 /* prc_fm~.cpp in Sources */,
				2248D4111B15EDD40056F8B2 /* Instrmnt.cpp in Sources */,
				2248D4181B15EDD40056F8B2 /* WaveLoop.cpp in Sources */,
				2248D4151B15EDD40056F8B2 /* Stk.cpp in Sources */,
				2248D40F1B15EDD40056F8B2 /* Generator.cpp in Sources */,
				2248D4091B15EDD40056F8B2 /* ADSR.cpp in Sources */,
				2248D40B1B15EDD40056F8B2 /* Envelope.cpp in Sources */,
			);
			runOnlyForDeploymentPostprocessing = 0;
		};
/* End PBXSourcesBuildPhase section */

/* Begin XCBuildConfiguration section */
		2FBBEAD008F335010078DB84 /* Development */ = {
			isa = XCBuildConfiguration;
			baseConfigurationReference = 2248D3021B14FBC50056F8B2 /* maxmspsdk.xcconfig */;
			buildSettings = {
			};
			name = Development;
		};
		2FBBEAD108F335010078DB84 /* Deployment */ = {
			isa = XCBuildConfiguration;
			baseConfigurationReference = 2248D3021B14FBC50056F8B2 /* maxmspsdk.xcconfig */;
			buildSettings = {
			};
			name = Deployment;
		};
		2FBBEAE108F335360078DB84 /* Development */ = {
			isa = XCBuildConfiguration;
			baseConfigurationReference = 2248D3021B14FBC50056F8B2 /* maxmspsdk.xcconfig */;
			buildSettings = {
				C74SUPPORT = "$(SRCROOT)/../../maxsdk/source/c74support";
				COPY_PHASE_STRIP = NO;
				FRAMEWORK_SEARCH_PATHS = (
					"$(inherited)",
					"\"$(SRCROOT)/../../../c74support/jit-includes\"",
					"\"$(SRCROOT)/../../../c74support/msp-includes\"",
					"/Users/tim/Code/percolate/source/maxsdk/source/c74support/msp-includes",
					"/Users/tim/Code/percolate/source/maxsdk/source/c74support/jit-includes",
				);
				GCC_OPTIMIZATION_LEVEL = 0;
				INFOPLIST_FILE = "$(C74SUPPORT)/../Info.plist";
				OTHER_LDFLAGS = "$(C74_SYM_LINKER_FLAGS)";
			};
			name = Development;
		};
		2FBBEAE208F335360078DB84 /* Deployment */ = {
			isa = XCBuildConfiguration;
			baseConfigurationReference = 2248D3021B14FBC50056F8B2 /* maxmspsdk.xcconfig */;
			buildSettings = {
				C74SUPPORT = "$(SRCROOT)/../../maxsdk/source/c74support";
				COPY_PHASE_STRIP = YES;
				FRAMEWORK_SEARCH_PATHS = (
					"$(inherited)",
					"\"$(SRCROOT)/../../../c74support/jit-includes\"",
					"\"$(SRCROOT)/../../../c74support/msp-includes\"",
					"/Users/tim/Code/percolate/source/maxsdk/source/c74support/msp-includes",
					"/Users/tim/Code/percolate/source/maxsdk/source/c74support/jit-includes",
				);
				INFOPLIST_FILE = "$(C74SUPPORT)/../Info.plist";
				OTHER_LDFLAGS = "$(C74_SYM_LINKER_FLAGS)";
			};
			name = Deployment;
		};
/* End XCBuildConfiguration section */

/* Begin XCConfigurationList section */
		2FBBEACF08F335010078DB84 /* Build configuration list for PBXProject "prc_fm~" */ = {
			isa = XCConfigurationList;
			buildConfigurations = (
				2FBBEAD008F335010078DB84 /* Development */,
				2FBBEAD108F335010078DB84 /* Deployment */,
			);
			defaultConfigurationIsVisible = 0;
			defaultConfigurationName = Development;
		};
		2FBBEAE008F335360078DB84 /* Build configuration list for PBXNativeTarget "max-external" */ = {
			isa = XCConfigurationList;
			buildConfigurations = (
				2FBBEAE108F335360078DB84 /* Development */,
				2FBBEAE208F335360078DB84 /* Deployment */,
			);
			defaultConfigurationIsVisible = 0;
			defaultConfigurationName = Development;
		};
/* End XCConfigurationList section */
	};
	rootObject = 089C1669FE841209C02AAC07 /* Project object */;
}
